PODS:
  - BTree (4.1.0)
  - RxAtomic (4.4.0)
  - RxCocoa (4.4.0):
    - RxSwift (~> 4.0)
  - RxFeedback (1.1.1):
    - RxCocoa (~> 4.0)
    - RxSwift (~> 4.0)
  - RxSwift (4.4.0):
    - RxAtomic (~> 4.4)
  - Sentry (4.1.1):
    - Sentry/Core (= 4.1.1)
  - Sentry/Core (4.1.1)

DEPENDENCIES:
  - BTree (~> 4.1)
  - RxCocoa (~> 4.4)
  - RxFeedback (~> 1.1)
  - RxSwift (~> 4.4)
  - Sentry (from `https://github.com/getsentry/sentry-cocoa.git`, tag `4.1.1`)

SPEC REPOS:
  https://github.com/cocoapods/specs.git:
    - BTree
    - RxAtomic
    - RxCocoa
    - RxFeedback
    - RxSwift

EXTERNAL SOURCES:
  Sentry:
    :git: https://github.com/getsentry/sentry-cocoa.git
    :tag: 4.1.1

CHECKOUT OPTIONS:
  Sentry:
    :git: https://github.com/getsentry/sentry-cocoa.git
    :tag: 4.1.1

SPEC CHECKSUMS:
  BTree: 99b99930790b88dc5e8bafbf666a5dfb8d7808b4
  RxAtomic: eacf60db868c96bfd63320e28619fe29c179656f
  RxCocoa: df63ebf7b9a70d6b4eeea407ed5dd4efc8979749
  RxFeedback: 640e317bc7f6c4914c39a2063c6d5c0e6c1aa65d
  RxSwift: 5976ecd04fc2fefd648827c23de5e11157faa973
  Sentry: c9d0543c7223ddec036027f4c7391ea057ba9856

PODFILE CHECKSUM: 6ed4c7a8b99b7d5edb4d10142b82c649ad7e5016

COCOAPODS: 1.6.0.beta.2
