// !$*UTF8*$!
{
	archiveVersion = 1;
	classes = {
	};
	objectVersion = 54;
	objects = {

/* Begin PBXBuildFile section */
		271249B7204043F7009EE80B /* SettingsWindow.xib in Resources */ = {isa = PBXBuildFile; fileRef = 271249B6204043F7009EE80B /* SettingsWindow.xib */; };
		271249B920404409009EE80B /* SettingsWindow.swift in Sources */ = {isa = PBXBuildFile; fileRef = 271249B820404409009EE80B /* SettingsWindow.swift */; };
		271249BB2040446A009EE80B /* SettingsView.xib in Resources */ = {isa = PBXBuildFile; fileRef = 271249BA2040446A009EE80B /* SettingsView.xib */; };
		271249BD2040448B009EE80B /* SettingsView.swift in Sources */ = {isa = PBXBuildFile; fileRef = 271249BC2040448B009EE80B /* SettingsView.swift */; };
		271249BF20404495009EE80B /* SettingsViewable.swift in Sources */ = {isa = PBXBuildFile; fileRef = 271249BE20404494009EE80B /* SettingsViewable.swift */; };
		271249C12040449E009EE80B /* SettingsViewController.swift in Sources */ = {isa = PBXBuildFile; fileRef = 271249C02040449E009EE80B /* SettingsViewController.swift */; };
		276391A0203ADDC30096E10C /* InstallViewController.swift in Sources */ = {isa = PBXBuildFile; fileRef = 2763919F203ADDC30096E10C /* InstallViewController.swift */; };
		276391A4203AE2660096E10C /* CompletionViewController.swift in Sources */ = {isa = PBXBuildFile; fileRef = 276391A3203AE2660096E10C /* CompletionViewController.swift */; };
		276391A6203AECE30096E10C /* CompletionView.swift in Sources */ = {isa = PBXBuildFile; fileRef = 276391A5203AECE30096E10C /* CompletionView.swift */; };
		276391AC203D7F620096E10C /* DownloadProgressView.swift in Sources */ = {isa = PBXBuildFile; fileRef = 276391AB203D7F620096E10C /* DownloadProgressView.swift */; };
		276391AE203DA3020096E10C /* DownloadProgressView.xib in Resources */ = {isa = PBXBuildFile; fileRef = 276391AD203DA3020096E10C /* DownloadProgressView.xib */; };
		278A10B5203ADAB2007C3DC8 /* InstallView.xib in Resources */ = {isa = PBXBuildFile; fileRef = 278A10B4203ADAB2007C3DC8 /* InstallView.xib */; };
		278A10B7203ADACD007C3DC8 /* InstallView.swift in Sources */ = {isa = PBXBuildFile; fileRef = 278A10B6203ADACD007C3DC8 /* InstallView.swift */; };
		99AA94B12462B57E00E46795 /* AppContext.swift in Sources */ = {isa = PBXBuildFile; fileRef = 99AA94B02462B57E00E46795 /* AppContext.swift */; };
		99C6A536244E079800AF4247 /* LoadedRepository+mock.swift in Sources */ = {isa = PBXBuildFile; fileRef = 99C6A535244E079800AF4247 /* LoadedRepository+mock.swift */; };
		99C6A53924509D0700AF4247 /* index.bin in Resources */ = {isa = PBXBuildFile; fileRef = 99C6A53824509D0700AF4247 /* index.bin */; };
		99F28AE4245966C8006F14EF /* ResolvedAction.swift in Sources */ = {isa = PBXBuildFile; fileRef = 99F28AE3245966C8006F14EF /* ResolvedAction.swift */; };
		A8511AC529DEAFAE00CB17F1 /* ConnectingView.swift in Sources */ = {isa = PBXBuildFile; fileRef = A8511AC429DEAFAE00CB17F1 /* ConnectingView.swift */; };
		A8511AC729DEAFBB00CB17F1 /* ConnectingViewController.swift in Sources */ = {isa = PBXBuildFile; fileRef = A8511AC629DEAFBB00CB17F1 /* ConnectingViewController.swift */; };
		A8511ACB29DEB04000CB17F1 /* ConnectingView.xib in Resources */ = {isa = PBXBuildFile; fileRef = A8511ACA29DEB04000CB17F1 /* ConnectingView.xib */; };
		C60B22F220432AF400A2027A /* InfoPlist.strings in Resources */ = {isa = PBXBuildFile; fileRef = C60B22F020432AF400A2027A /* InfoPlist.strings */; };
		C612CFAB2448605700EFEA98 /* BTreeBuilder.swift in Sources */ = {isa = PBXBuildFile; fileRef = C612CF9B2448605400EFEA98 /* BTreeBuilder.swift */; };
		C612CFAC2448605700EFEA98 /* BTreeCursor.swift in Sources */ = {isa = PBXBuildFile; fileRef = C612CF9C2448605500EFEA98 /* BTreeCursor.swift */; };
		C612CFAD2448605700EFEA98 /* BTreeIterator.swift in Sources */ = {isa = PBXBuildFile; fileRef = C612CF9D2448605500EFEA98 /* BTreeIterator.swift */; };
		C612CFAE2448605700EFEA98 /* BTreeIndex.swift in Sources */ = {isa = PBXBuildFile; fileRef = C612CF9E2448605500EFEA98 /* BTreeIndex.swift */; };
		C612CFAF2448605700EFEA98 /* SortedSet.swift in Sources */ = {isa = PBXBuildFile; fileRef = C612CF9F2448605500EFEA98 /* SortedSet.swift */; };
		C612CFB02448605700EFEA98 /* BTreeMerger.swift in Sources */ = {isa = PBXBuildFile; fileRef = C612CFA02448605600EFEA98 /* BTreeMerger.swift */; };
		C612CFB12448605700EFEA98 /* Weak.swift in Sources */ = {isa = PBXBuildFile; fileRef = C612CFA12448605600EFEA98 /* Weak.swift */; };
		C612CFB22448605700EFEA98 /* BridgedList.swift in Sources */ = {isa = PBXBuildFile; fileRef = C612CFA22448605600EFEA98 /* BridgedList.swift */; };
		C612CFB32448605700EFEA98 /* Map.swift in Sources */ = {isa = PBXBuildFile; fileRef = C612CFA32448605600EFEA98 /* Map.swift */; };
		C612CFB42448605700EFEA98 /* List.swift in Sources */ = {isa = PBXBuildFile; fileRef = C612CFA42448605600EFEA98 /* List.swift */; };
		C612CFB52448605700EFEA98 /* BTreeComparisons.swift in Sources */ = {isa = PBXBuildFile; fileRef = C612CFA52448605600EFEA98 /* BTreeComparisons.swift */; };
		C612CFB62448605700EFEA98 /* Compatibility.swift in Sources */ = {isa = PBXBuildFile; fileRef = C612CFA62448605700EFEA98 /* Compatibility.swift */; };
		C612CFB72448605700EFEA98 /* BTreeNode.swift in Sources */ = {isa = PBXBuildFile; fileRef = C612CFA72448605700EFEA98 /* BTreeNode.swift */; };
		C612CFB82448605700EFEA98 /* BTreePath.swift in Sources */ = {isa = PBXBuildFile; fileRef = C612CFA82448605700EFEA98 /* BTreePath.swift */; };
		C612CFB92448605700EFEA98 /* SortedBag.swift in Sources */ = {isa = PBXBuildFile; fileRef = C612CFA92448605700EFEA98 /* SortedBag.swift */; };
		C612CFBA2448605700EFEA98 /* BTree.swift in Sources */ = {isa = PBXBuildFile; fileRef = C612CFAA2448605700EFEA98 /* BTree.swift */; };
		C612CFBC2448770A00EFEA98 /* Config.swift in Sources */ = {isa = PBXBuildFile; fileRef = C612CFBB2448770A00EFEA98 /* Config.swift */; };
		C612CFBE2448AA7100EFEA98 /* RPCService.swift in Sources */ = {isa = PBXBuildFile; fileRef = C612CFBD2448AA7100EFEA98 /* RPCService.swift */; };
		C612CFC02448AA8700EFEA98 /* PackageAction.swift in Sources */ = {isa = PBXBuildFile; fileRef = C612CFBF2448AA8700EFEA98 /* PackageAction.swift */; };
		C612CFC22448AC0700EFEA98 /* LoadedRepository.swift in Sources */ = {isa = PBXBuildFile; fileRef = C612CFC12448AC0700EFEA98 /* LoadedRepository.swift */; };
		C612CFC42448B0E500EFEA98 /* index_generated+Extensions.swift in Sources */ = {isa = PBXBuildFile; fileRef = C612CFC32448B0E500EFEA98 /* index_generated+Extensions.swift */; };
		C622705F2039DEC800DBCD65 /* Strings.swift in Sources */ = {isa = PBXBuildFile; fileRef = C622705E2039DEC800DBCD65 /* Strings.swift */; };
		C62270642039E08B00DBCD65 /* Localizable.strings in Resources */ = {isa = PBXBuildFile; fileRef = C62270622039E08B00DBCD65 /* Localizable.strings */; };
		C6227069203A243700DBCD65 /* iso639-autonyms.tsv in Resources */ = {isa = PBXBuildFile; fileRef = C6227068203A243700DBCD65 /* iso639-autonyms.tsv */; };
		C622706B203A247300DBCD65 /* ISO639.swift in Sources */ = {isa = PBXBuildFile; fileRef = C622706A203A247300DBCD65 /* ISO639.swift */; };
		C62462392201226300BE484B /* CompatNSMenuItem.swift in Sources */ = {isa = PBXBuildFile; fileRef = C62462382201226300BE484B /* CompatNSMenuItem.swift */; };
		C624C14C250FA1FB00620D6F /* Logging.swift in Sources */ = {isa = PBXBuildFile; fileRef = C624C14B250FA1FB00620D6F /* Logging.swift */; };
		C63191C8244723760055DA03 /* RxSwift in Frameworks */ = {isa = PBXBuildFile; productRef = C63191C7244723760055DA03 /* RxSwift */; };
		C63191CA244723760055DA03 /* RxCocoa in Frameworks */ = {isa = PBXBuildFile; productRef = C63191C9244723760055DA03 /* RxCocoa */; };
		C63191CD24472C9E0055DA03 /* RxFeedback in Frameworks */ = {isa = PBXBuildFile; productRef = C63191CC24472C9E0055DA03 /* RxFeedback */; };
		C63191D524472D910055DA03 /* Sentry in Frameworks */ = {isa = PBXBuildFile; productRef = C63191D424472D910055DA03 /* Sentry */; };
		C63191D824472DE50055DA03 /* ObjcExceptionBridging in Frameworks */ = {isa = PBXBuildFile; productRef = C63191D724472DE50055DA03 /* ObjcExceptionBridging */; };
		C63191DA24472DE50055DA03 /* XCGLogger in Frameworks */ = {isa = PBXBuildFile; productRef = C63191D924472DE50055DA03 /* XCGLogger */; };
		C63191DD24472EF60055DA03 /* GRPC in Frameworks */ = {isa = PBXBuildFile; productRef = C63191DC24472EF60055DA03 /* GRPC */; };
		C656A693203ECAF80004E7F1 /* CompletionView.xib in Resources */ = {isa = PBXBuildFile; fileRef = C656A692203ECAF80004E7F1 /* CompletionView.xib */; };
		C656A696203EE5190004E7F1 /* base.yaml in Resources */ = {isa = PBXBuildFile; fileRef = C656A695203EE5190004E7F1 /* base.yaml */; };
		C678E0B226F38E7E00626833 /* TableVerifier.swift in Sources */ = {isa = PBXBuildFile; fileRef = C678E09E26F38E7E00626833 /* TableVerifier.swift */; };
		C678E0B326F38E7E00626833 /* Mutable.swift in Sources */ = {isa = PBXBuildFile; fileRef = C678E09F26F38E7E00626833 /* Mutable.swift */; };
		C678E0B426F38E7E00626833 /* VeriferOptions.swift in Sources */ = {isa = PBXBuildFile; fileRef = C678E0A026F38E7E00626833 /* VeriferOptions.swift */; };
		C678E0B526F38E7E00626833 /* FlatBuffersUtils.swift in Sources */ = {isa = PBXBuildFile; fileRef = C678E0A126F38E7E00626833 /* FlatBuffersUtils.swift */; };
		C678E0B626F38E7E00626833 /* Struct.swift in Sources */ = {isa = PBXBuildFile; fileRef = C678E0A226F38E7E00626833 /* Struct.swift */; };
		C678E0B726F38E7E00626833 /* Constants.swift in Sources */ = {isa = PBXBuildFile; fileRef = C678E0A326F38E7E00626833 /* Constants.swift */; };
		C678E0B826F38E7E00626833 /* Table.swift in Sources */ = {isa = PBXBuildFile; fileRef = C678E0A426F38E7E00626833 /* Table.swift */; };
		C678E0B926F38E7E00626833 /* Verifiable.swift in Sources */ = {isa = PBXBuildFile; fileRef = C678E0A526F38E7E00626833 /* Verifiable.swift */; };
		C678E0BA26F38E7E00626833 /* Root.swift in Sources */ = {isa = PBXBuildFile; fileRef = C678E0A626F38E7E00626833 /* Root.swift */; };
		C678E0BB26F38E7E00626833 /* Offset.swift in Sources */ = {isa = PBXBuildFile; fileRef = C678E0A726F38E7E00626833 /* Offset.swift */; };
		C678E0BC26F38E7E00626833 /* Verifier.swift in Sources */ = {isa = PBXBuildFile; fileRef = C678E0A826F38E7E00626833 /* Verifier.swift */; };
		C678E0BD26F38E7E00626833 /* String+extension.swift in Sources */ = {isa = PBXBuildFile; fileRef = C678E0A926F38E7E00626833 /* String+extension.swift */; };
		C678E0BE26F38E7E00626833 /* Int+extension.swift in Sources */ = {isa = PBXBuildFile; fileRef = C678E0AA26F38E7E00626833 /* Int+extension.swift */; };
		C678E0BF26F38E7E00626833 /* FlatbuffersErrors.swift in Sources */ = {isa = PBXBuildFile; fileRef = C678E0AB26F38E7E00626833 /* FlatbuffersErrors.swift */; };
		C678E0C026F38E7E00626833 /* ByteBuffer.swift in Sources */ = {isa = PBXBuildFile; fileRef = C678E0AC26F38E7E00626833 /* ByteBuffer.swift */; };
		C678E0C126F38E7E00626833 /* NativeObject.swift in Sources */ = {isa = PBXBuildFile; fileRef = C678E0AD26F38E7E00626833 /* NativeObject.swift */; };
		C678E0C226F38E7E00626833 /* FlatBufferObject.swift in Sources */ = {isa = PBXBuildFile; fileRef = C678E0AE26F38E7E00626833 /* FlatBufferObject.swift */; };
		C678E0C326F38E7E00626833 /* Enum.swift in Sources */ = {isa = PBXBuildFile; fileRef = C678E0AF26F38E7E00626833 /* Enum.swift */; };
		C678E0C426F38E7E00626833 /* Message.swift in Sources */ = {isa = PBXBuildFile; fileRef = C678E0B026F38E7E00626833 /* Message.swift */; };
		C678E0C526F38E7E00626833 /* FlatBufferBuilder.swift in Sources */ = {isa = PBXBuildFile; fileRef = C678E0B126F38E7E00626833 /* FlatBufferBuilder.swift */; };
		C68E9F842384C2700083ACF4 /* WebBridgeService.swift in Sources */ = {isa = PBXBuildFile; fileRef = C68E9F832384C2700083ACF4 /* WebBridgeService.swift */; };
		C69F948E2028B1EA00127A47 /* AppDelegate.swift in Sources */ = {isa = PBXBuildFile; fileRef = C69F948D2028B1EA00127A47 /* AppDelegate.swift */; };
		C69F94902028B1EA00127A47 /* Assets.xcassets in Resources */ = {isa = PBXBuildFile; fileRef = C69F948F2028B1EA00127A47 /* Assets.xcassets */; };
		C69F94932028B1EA00127A47 /* MainMenu.xib in Resources */ = {isa = PBXBuildFile; fileRef = C69F94912028B1EA00127A47 /* MainMenu.xib */; };
		C6B742C52049911B00C7877D /* MainOutlineModels.swift in Sources */ = {isa = PBXBuildFile; fileRef = C6B742C42049911B00C7877D /* MainOutlineModels.swift */; };
		C6B742C7204BF19E00C7877D /* MainMenu.swift in Sources */ = {isa = PBXBuildFile; fileRef = C6B742C6204BF19E00C7877D /* MainMenu.swift */; };
		C6B742C9204BF22600C7877D /* App.swift in Sources */ = {isa = PBXBuildFile; fileRef = C6B742C8204BF22600C7877D /* App.swift */; };
		C6B742DC204C14BC00C7877D /* SettingsKey.swift in Sources */ = {isa = PBXBuildFile; fileRef = C6B742DB204C14BC00C7877D /* SettingsKey.swift */; };
		C6B742E1204C456100C7877D /* PahkatConstants.swift in Sources */ = {isa = PBXBuildFile; fileRef = C6B742E0204C456100C7877D /* PahkatConstants.swift */; };
		C6C3242C2382F8660043DD18 /* SelectedPackage.swift in Sources */ = {isa = PBXBuildFile; fileRef = C6C3242B2382F8660043DD18 /* SelectedPackage.swift */; };
		C6C3FA642382C3870006E81B /* UserDefaults.swift in Sources */ = {isa = PBXBuildFile; fileRef = C6C3FA632382C3870006E81B /* UserDefaults.swift */; };
		C6C3FA672382C3C40006E81B /* Process.swift in Sources */ = {isa = PBXBuildFile; fileRef = C6C3FA662382C3C40006E81B /* Process.swift */; };
		C6C820D3204C53EF001682E8 /* PackageDownloadProgress.swift in Sources */ = {isa = PBXBuildFile; fileRef = C6C820D2204C53EF001682E8 /* PackageDownloadProgress.swift */; };
		C6CC91272028E69300CB0B10 /* MainWindow.xib in Resources */ = {isa = PBXBuildFile; fileRef = C6CC91262028E69300CB0B10 /* MainWindow.xib */; };
		C6D56BC5252F4AEE00620D6F /* SSZipArchive.m in Sources */ = {isa = PBXBuildFile; fileRef = C6D56BA3252F4AEE00620D6F /* SSZipArchive.m */; };
		C6D56BC6252F4AEE00620D6F /* mz_strm_os_posix.c in Sources */ = {isa = PBXBuildFile; fileRef = C6D56BA5252F4AEE00620D6F /* mz_strm_os_posix.c */; };
		C6D56BC7252F4AEE00620D6F /* mz_strm_pkcrypt.c in Sources */ = {isa = PBXBuildFile; fileRef = C6D56BA6252F4AEE00620D6F /* mz_strm_pkcrypt.c */; };
		C6D56BC8252F4AEE00620D6F /* mz_strm_zlib.c in Sources */ = {isa = PBXBuildFile; fileRef = C6D56BA9252F4AEE00620D6F /* mz_strm_zlib.c */; };
		C6D56BC9252F4AEE00620D6F /* mz_zip.c in Sources */ = {isa = PBXBuildFile; fileRef = C6D56BAA252F4AEE00620D6F /* mz_zip.c */; };
		C6D56BCA252F4AEE00620D6F /* LICENSE in Resources */ = {isa = PBXBuildFile; fileRef = C6D56BAC252F4AEE00620D6F /* LICENSE */; };
		C6D56BCB252F4AEE00620D6F /* mz_zip_rw.c in Sources */ = {isa = PBXBuildFile; fileRef = C6D56BAD252F4AEE00620D6F /* mz_zip_rw.c */; };
		C6D56BCC252F4AEE00620D6F /* mz_crypt_apple.c in Sources */ = {isa = PBXBuildFile; fileRef = C6D56BB0252F4AEE00620D6F /* mz_crypt_apple.c */; };
		C6D56BCD252F4AEE00620D6F /* mz_strm_mem.c in Sources */ = {isa = PBXBuildFile; fileRef = C6D56BB2252F4AEE00620D6F /* mz_strm_mem.c */; };
		C6D56BCE252F4AEE00620D6F /* mz_crypt.c in Sources */ = {isa = PBXBuildFile; fileRef = C6D56BB3252F4AEE00620D6F /* mz_crypt.c */; };
		C6D56BCF252F4AEE00620D6F /* mz_strm_wzaes.c in Sources */ = {isa = PBXBuildFile; fileRef = C6D56BB4252F4AEE00620D6F /* mz_strm_wzaes.c */; };
		C6D56BD0252F4AEE00620D6F /* mz_compat.c in Sources */ = {isa = PBXBuildFile; fileRef = C6D56BB6252F4AEE00620D6F /* mz_compat.c */; };
		C6D56BD1252F4AEE00620D6F /* mz_os.c in Sources */ = {isa = PBXBuildFile; fileRef = C6D56BB9252F4AEE00620D6F /* mz_os.c */; };
		C6D56BD2252F4AEE00620D6F /* mz_os_posix.c in Sources */ = {isa = PBXBuildFile; fileRef = C6D56BBB252F4AEE00620D6F /* mz_os_posix.c */; };
		C6D56BD3252F4AEE00620D6F /* mz_strm_buf.c in Sources */ = {isa = PBXBuildFile; fileRef = C6D56BBD252F4AEE00620D6F /* mz_strm_buf.c */; };
		C6D56BD4252F4AEE00620D6F /* mz_strm_split.c in Sources */ = {isa = PBXBuildFile; fileRef = C6D56BBE252F4AEE00620D6F /* mz_strm_split.c */; };
		C6D56BD5252F4AEE00620D6F /* mz_strm.c in Sources */ = {isa = PBXBuildFile; fileRef = C6D56BC1252F4AEE00620D6F /* mz_strm.c */; };
		C6D56BD7252F4B0600620D6F /* LICENSE.txt in Resources */ = {isa = PBXBuildFile; fileRef = C6D56BD6252F4B0600620D6F /* LICENSE.txt */; };
		C6D56BDB252F4B4A00620D6F /* Security.framework in Frameworks */ = {isa = PBXBuildFile; fileRef = C6D56BDA252F4B4A00620D6F /* Security.framework */; };
		C6D56BDD252F4DD000620D6F /* LogCollator.swift in Sources */ = {isa = PBXBuildFile; fileRef = C6D56BDC252F4DD000620D6F /* LogCollator.swift */; };
		C6D78E1A23841D8E002F59E2 /* TransactionType.swift in Sources */ = {isa = PBXBuildFile; fileRef = C6D78E1923841D8E002F59E2 /* TransactionType.swift */; };
		C6E392A12447489900560023 /* PackageKey.swift in Sources */ = {isa = PBXBuildFile; fileRef = C6E392A02447489900560023 /* PackageKey.swift */; };
		C6E392A5244755AF00560023 /* pahkat.pb.swift in Sources */ = {isa = PBXBuildFile; fileRef = C6E392A2244755AE00560023 /* pahkat.pb.swift */; };
		C6E392A6244755AF00560023 /* pahkat.grpc.swift in Sources */ = {isa = PBXBuildFile; fileRef = C6E392A3244755AF00560023 /* pahkat.grpc.swift */; };
		C6E392A7244755AF00560023 /* index_generated.swift in Sources */ = {isa = PBXBuildFile; fileRef = C6E392A4244755AF00560023 /* index_generated.swift */; };
		C6E7559F2462A6A900620D6F /* LandingViewController.swift in Sources */ = {isa = PBXBuildFile; fileRef = C6E7559C2462A6A900620D6F /* LandingViewController.swift */; };
		C6E755A02462A6A900620D6F /* LandingView.xib in Resources */ = {isa = PBXBuildFile; fileRef = C6E7559D2462A6A900620D6F /* LandingView.xib */; };
		C6E755A12462A6A900620D6F /* LandingView.swift in Sources */ = {isa = PBXBuildFile; fileRef = C6E7559E2462A6A900620D6F /* LandingView.swift */; };
		C6E755A42462A91C00620D6F /* WebBridgeFunctions.swift in Sources */ = {isa = PBXBuildFile; fileRef = C6E755A32462A91C00620D6F /* WebBridgeFunctions.swift */; };
		C6E755A62462A93E00620D6F /* JSONValue.swift in Sources */ = {isa = PBXBuildFile; fileRef = C6E755A52462A93E00620D6F /* JSONValue.swift */; };
		C6E755A82462A96800620D6F /* WebBridgeRPC.swift in Sources */ = {isa = PBXBuildFile; fileRef = C6E755A72462A96800620D6F /* WebBridgeRPC.swift */; };
		C6E755AB2462CC7800620D6F /* RxBlocking in Frameworks */ = {isa = PBXBuildFile; productRef = C6E755AA2462CC7800620D6F /* RxBlocking */; };
		C6E755AD2463361B00620D6F /* InterfaceLanguage.swift in Sources */ = {isa = PBXBuildFile; fileRef = C6E755AC2463361B00620D6F /* InterfaceLanguage.swift */; };
		C6F4BC572029BC05002EE523 /* MainViewable.swift in Sources */ = {isa = PBXBuildFile; fileRef = C6F4BC562029BC05002EE523 /* MainViewable.swift */; };
		C6F4BC592029BC2C002EE523 /* MainPresenter.swift in Sources */ = {isa = PBXBuildFile; fileRef = C6F4BC582029BC2C002EE523 /* MainPresenter.swift */; };
		C6F4BC5B2029BC57002EE523 /* MainViewController.swift in Sources */ = {isa = PBXBuildFile; fileRef = C6F4BC5A2029BC57002EE523 /* MainViewController.swift */; };
		C6F4BC5D202A410A002EE523 /* SettingsFile.swift in Sources */ = {isa = PBXBuildFile; fileRef = C6F4BC5C202A410A002EE523 /* SettingsFile.swift */; };
		C6F4BC5F202A43BC002EE523 /* RxStore.swift in Sources */ = {isa = PBXBuildFile; fileRef = C6F4BC5E202A43BC002EE523 /* RxStore.swift */; };
		C6F4BC662031DB81002EE523 /* DownloadViewable.swift in Sources */ = {isa = PBXBuildFile; fileRef = C6F4BC652031DB81002EE523 /* DownloadViewable.swift */; };
		C6F4BC6A2031DBA4002EE523 /* DownloadView.swift in Sources */ = {isa = PBXBuildFile; fileRef = C6F4BC692031DBA4002EE523 /* DownloadView.swift */; };
		C6F4BC6E2031DBCB002EE523 /* DownloadViewController.swift in Sources */ = {isa = PBXBuildFile; fileRef = C6F4BC6D2031DBCB002EE523 /* DownloadViewController.swift */; };
		C6F4BC702031DBD3002EE523 /* DownloadView.xib in Resources */ = {isa = PBXBuildFile; fileRef = C6F4BC6F2031DBD3002EE523 /* DownloadView.xib */; };
		C6F4BC722031DCF7002EE523 /* Cocoa+Rx.swift in Sources */ = {isa = PBXBuildFile; fileRef = C6F4BC712031DCF7002EE523 /* Cocoa+Rx.swift */; };
		C6F4BC762031E0A3002EE523 /* InstallViewable.swift in Sources */ = {isa = PBXBuildFile; fileRef = C6F4BC752031E0A3002EE523 /* InstallViewable.swift */; };
		C6F4BC782031E0AD002EE523 /* CompletionViewable.swift in Sources */ = {isa = PBXBuildFile; fileRef = C6F4BC772031E0AD002EE523 /* CompletionViewable.swift */; };
		C6F8A8182028B3C1009A016E /* Cocoa+Nibbable.swift in Sources */ = {isa = PBXBuildFile; fileRef = C6F8A8172028B3C1009A016E /* Cocoa+Nibbable.swift */; };
		C6F8A81B2028B404009A016E /* Cocoa.swift in Sources */ = {isa = PBXBuildFile; fileRef = C6F8A81A2028B404009A016E /* Cocoa.swift */; };
		C6F8A81E2028B996009A016E /* MainView.swift in Sources */ = {isa = PBXBuildFile; fileRef = C6F8A81D2028B996009A016E /* MainView.swift */; };
		C6F8A8202028BBC2009A016E /* MainView.xib in Resources */ = {isa = PBXBuildFile; fileRef = C6F8A81F2028BBC2009A016E /* MainView.xib */; };
		C6F8A8232028BC07009A016E /* WindowManager.swift in Sources */ = {isa = PBXBuildFile; fileRef = C6F8A8222028BC07009A016E /* WindowManager.swift */; };
		C6F8A8262028BD91009A016E /* MainWindow.swift in Sources */ = {isa = PBXBuildFile; fileRef = C6F8A8252028BD91009A016E /* MainWindow.swift */; };
/* End PBXBuildFile section */

/* Begin PBXCopyFilesBuildPhase section */
		C63191D224472CF00055DA03 /* Embed Frameworks */ = {
			isa = PBXCopyFilesBuildPhase;
			buildActionMask = 2147483647;
			dstPath = "";
			dstSubfolderSpec = 10;
			files = (
			);
			name = "Embed Frameworks";
			runOnlyForDeploymentPostprocessing = 0;
		};
		C6EA31D721B0A2460014F3B6 /* Embed XPC Services */ = {
			isa = PBXCopyFilesBuildPhase;
			buildActionMask = 2147483647;
			dstPath = Contents/Library/LaunchServices;
			dstSubfolderSpec = 1;
			files = (
			);
			name = "Embed XPC Services";
			runOnlyForDeploymentPostprocessing = 0;
		};
/* End PBXCopyFilesBuildPhase section */

/* Begin PBXFileReference section */
		271249B6204043F7009EE80B /* SettingsWindow.xib */ = {isa = PBXFileReference; lastKnownFileType = file.xib; path = SettingsWindow.xib; sourceTree = "<group>"; };
		271249B820404409009EE80B /* SettingsWindow.swift */ = {isa = PBXFileReference; lastKnownFileType = sourcecode.swift; path = SettingsWindow.swift; sourceTree = "<group>"; };
		271249BA2040446A009EE80B /* SettingsView.xib */ = {isa = PBXFileReference; lastKnownFileType = file.xib; path = SettingsView.xib; sourceTree = "<group>"; };
		271249BC2040448B009EE80B /* SettingsView.swift */ = {isa = PBXFileReference; lastKnownFileType = sourcecode.swift; path = SettingsView.swift; sourceTree = "<group>"; };
		271249BE20404494009EE80B /* SettingsViewable.swift */ = {isa = PBXFileReference; lastKnownFileType = sourcecode.swift; path = SettingsViewable.swift; sourceTree = "<group>"; };
		271249C02040449E009EE80B /* SettingsViewController.swift */ = {isa = PBXFileReference; lastKnownFileType = sourcecode.swift; path = SettingsViewController.swift; sourceTree = "<group>"; };
		2763919F203ADDC30096E10C /* InstallViewController.swift */ = {isa = PBXFileReference; lastKnownFileType = sourcecode.swift; path = InstallViewController.swift; sourceTree = "<group>"; };
		276391A3203AE2660096E10C /* CompletionViewController.swift */ = {isa = PBXFileReference; lastKnownFileType = sourcecode.swift; path = CompletionViewController.swift; sourceTree = "<group>"; };
		276391A5203AECE30096E10C /* CompletionView.swift */ = {isa = PBXFileReference; lastKnownFileType = sourcecode.swift; path = CompletionView.swift; sourceTree = "<group>"; };
		276391AB203D7F620096E10C /* DownloadProgressView.swift */ = {isa = PBXFileReference; lastKnownFileType = sourcecode.swift; path = DownloadProgressView.swift; sourceTree = "<group>"; };
		276391AD203DA3020096E10C /* DownloadProgressView.xib */ = {isa = PBXFileReference; lastKnownFileType = file.xib; path = DownloadProgressView.xib; sourceTree = "<group>"; };
		278A10B4203ADAB2007C3DC8 /* InstallView.xib */ = {isa = PBXFileReference; lastKnownFileType = file.xib; path = InstallView.xib; sourceTree = "<group>"; };
		278A10B6203ADACD007C3DC8 /* InstallView.swift */ = {isa = PBXFileReference; lastKnownFileType = sourcecode.swift; path = InstallView.swift; sourceTree = "<group>"; };
		99AA94B02462B57E00E46795 /* AppContext.swift */ = {isa = PBXFileReference; lastKnownFileType = sourcecode.swift; path = AppContext.swift; sourceTree = "<group>"; };
		99C6A535244E079800AF4247 /* LoadedRepository+mock.swift */ = {isa = PBXFileReference; lastKnownFileType = sourcecode.swift; path = "LoadedRepository+mock.swift"; sourceTree = "<group>"; };
		99C6A53824509D0700AF4247 /* index.bin */ = {isa = PBXFileReference; lastKnownFileType = archive.macbinary; path = index.bin; sourceTree = "<group>"; };
		99F28AE3245966C8006F14EF /* ResolvedAction.swift */ = {isa = PBXFileReference; lastKnownFileType = sourcecode.swift; path = ResolvedAction.swift; sourceTree = "<group>"; };
		A8511AC429DEAFAE00CB17F1 /* ConnectingView.swift */ = {isa = PBXFileReference; lastKnownFileType = sourcecode.swift; path = ConnectingView.swift; sourceTree = "<group>"; };
		A8511AC629DEAFBB00CB17F1 /* ConnectingViewController.swift */ = {isa = PBXFileReference; lastKnownFileType = sourcecode.swift; path = ConnectingViewController.swift; sourceTree = "<group>"; };
		A8511ACA29DEB04000CB17F1 /* ConnectingView.xib */ = {isa = PBXFileReference; lastKnownFileType = file.xib; path = ConnectingView.xib; sourceTree = "<group>"; };
		C60B22ED2043217300A2027A /* nn */ = {isa = PBXFileReference; lastKnownFileType = text.plist.strings; name = nn; path = ../nn.lproj/Localizable.strings; sourceTree = "<group>"; };
		C60B22F120432AF400A2027A /* Base */ = {isa = PBXFileReference; lastKnownFileType = text.plist.strings; name = Base; path = Sources/Base.lproj/InfoPlist.strings; sourceTree = SOURCE_ROOT; };
		C60B22F320432AF800A2027A /* nn */ = {isa = PBXFileReference; lastKnownFileType = text.plist.strings; name = nn; path = ../nn.lproj/InfoPlist.strings; sourceTree = "<group>"; };
		C612CF9B2448605400EFEA98 /* BTreeBuilder.swift */ = {isa = PBXFileReference; fileEncoding = 4; lastKnownFileType = sourcecode.swift; path = BTreeBuilder.swift; sourceTree = "<group>"; };
		C612CF9C2448605500EFEA98 /* BTreeCursor.swift */ = {isa = PBXFileReference; fileEncoding = 4; lastKnownFileType = sourcecode.swift; path = BTreeCursor.swift; sourceTree = "<group>"; };
		C612CF9D2448605500EFEA98 /* BTreeIterator.swift */ = {isa = PBXFileReference; fileEncoding = 4; lastKnownFileType = sourcecode.swift; path = BTreeIterator.swift; sourceTree = "<group>"; };
		C612CF9E2448605500EFEA98 /* BTreeIndex.swift */ = {isa = PBXFileReference; fileEncoding = 4; lastKnownFileType = sourcecode.swift; path = BTreeIndex.swift; sourceTree = "<group>"; };
		C612CF9F2448605500EFEA98 /* SortedSet.swift */ = {isa = PBXFileReference; fileEncoding = 4; lastKnownFileType = sourcecode.swift; path = SortedSet.swift; sourceTree = "<group>"; };
		C612CFA02448605600EFEA98 /* BTreeMerger.swift */ = {isa = PBXFileReference; fileEncoding = 4; lastKnownFileType = sourcecode.swift; path = BTreeMerger.swift; sourceTree = "<group>"; };
		C612CFA12448605600EFEA98 /* Weak.swift */ = {isa = PBXFileReference; fileEncoding = 4; lastKnownFileType = sourcecode.swift; path = Weak.swift; sourceTree = "<group>"; };
		C612CFA22448605600EFEA98 /* BridgedList.swift */ = {isa = PBXFileReference; fileEncoding = 4; lastKnownFileType = sourcecode.swift; path = BridgedList.swift; sourceTree = "<group>"; };
		C612CFA32448605600EFEA98 /* Map.swift */ = {isa = PBXFileReference; fileEncoding = 4; lastKnownFileType = sourcecode.swift; path = Map.swift; sourceTree = "<group>"; };
		C612CFA42448605600EFEA98 /* List.swift */ = {isa = PBXFileReference; fileEncoding = 4; lastKnownFileType = sourcecode.swift; path = List.swift; sourceTree = "<group>"; };
		C612CFA52448605600EFEA98 /* BTreeComparisons.swift */ = {isa = PBXFileReference; fileEncoding = 4; lastKnownFileType = sourcecode.swift; path = BTreeComparisons.swift; sourceTree = "<group>"; };
		C612CFA62448605700EFEA98 /* Compatibility.swift */ = {isa = PBXFileReference; fileEncoding = 4; lastKnownFileType = sourcecode.swift; path = Compatibility.swift; sourceTree = "<group>"; };
		C612CFA72448605700EFEA98 /* BTreeNode.swift */ = {isa = PBXFileReference; fileEncoding = 4; lastKnownFileType = sourcecode.swift; path = BTreeNode.swift; sourceTree = "<group>"; };
		C612CFA82448605700EFEA98 /* BTreePath.swift */ = {isa = PBXFileReference; fileEncoding = 4; lastKnownFileType = sourcecode.swift; path = BTreePath.swift; sourceTree = "<group>"; };
		C612CFA92448605700EFEA98 /* SortedBag.swift */ = {isa = PBXFileReference; fileEncoding = 4; lastKnownFileType = sourcecode.swift; path = SortedBag.swift; sourceTree = "<group>"; };
		C612CFAA2448605700EFEA98 /* BTree.swift */ = {isa = PBXFileReference; fileEncoding = 4; lastKnownFileType = sourcecode.swift; path = BTree.swift; sourceTree = "<group>"; };
		C612CFBB2448770A00EFEA98 /* Config.swift */ = {isa = PBXFileReference; lastKnownFileType = sourcecode.swift; path = Config.swift; sourceTree = "<group>"; };
		C612CFBD2448AA7100EFEA98 /* RPCService.swift */ = {isa = PBXFileReference; lastKnownFileType = sourcecode.swift; path = RPCService.swift; sourceTree = "<group>"; };
		C612CFBF2448AA8700EFEA98 /* PackageAction.swift */ = {isa = PBXFileReference; lastKnownFileType = sourcecode.swift; path = PackageAction.swift; sourceTree = "<group>"; };
		C612CFC12448AC0700EFEA98 /* LoadedRepository.swift */ = {isa = PBXFileReference; lastKnownFileType = sourcecode.swift; path = LoadedRepository.swift; sourceTree = "<group>"; };
		C612CFC32448B0E500EFEA98 /* index_generated+Extensions.swift */ = {isa = PBXFileReference; lastKnownFileType = sourcecode.swift; path = "index_generated+Extensions.swift"; sourceTree = "<group>"; };
		C61C52352051350000CAA498 /* nn-Runr */ = {isa = PBXFileReference; lastKnownFileType = text.plist.strings; name = "nn-Runr"; path = "../nn-Runr.lproj/InfoPlist.strings"; sourceTree = "<group>"; };
		C622705E2039DEC800DBCD65 /* Strings.swift */ = {isa = PBXFileReference; fileEncoding = 4; lastKnownFileType = sourcecode.swift; path = Strings.swift; sourceTree = "<group>"; };
		C62270632039E08B00DBCD65 /* Base */ = {isa = PBXFileReference; lastKnownFileType = text.plist.strings; name = Base; path = Sources/Base.lproj/Localizable.strings; sourceTree = SOURCE_ROOT; };
		C62270652039E09600DBCD65 /* en */ = {isa = PBXFileReference; lastKnownFileType = text.plist.strings; name = en; path = ../en.lproj/Localizable.strings; sourceTree = "<group>"; };
		C6227068203A243700DBCD65 /* iso639-autonyms.tsv */ = {isa = PBXFileReference; fileEncoding = 4; lastKnownFileType = text; path = "iso639-autonyms.tsv"; sourceTree = SOURCE_ROOT; };
		C622706A203A247300DBCD65 /* ISO639.swift */ = {isa = PBXFileReference; lastKnownFileType = sourcecode.swift; path = ISO639.swift; sourceTree = "<group>"; };
		C62462382201226300BE484B /* CompatNSMenuItem.swift */ = {isa = PBXFileReference; lastKnownFileType = sourcecode.swift; path = CompatNSMenuItem.swift; sourceTree = "<group>"; };
		C624C14B250FA1FB00620D6F /* Logging.swift */ = {isa = PBXFileReference; lastKnownFileType = sourcecode.swift; path = Logging.swift; sourceTree = "<group>"; };
		C656A692203ECAF80004E7F1 /* CompletionView.xib */ = {isa = PBXFileReference; lastKnownFileType = file.xib; path = CompletionView.xib; sourceTree = "<group>"; };
		C656A695203EE5190004E7F1 /* base.yaml */ = {isa = PBXFileReference; fileEncoding = 4; lastKnownFileType = text; name = base.yaml; path = Sources/Support/LocalisationResources/base.yaml; sourceTree = SOURCE_ROOT; };
		C6646CD620507E3300602C20 /* se */ = {isa = PBXFileReference; lastKnownFileType = text.plist.strings; name = se; path = ../se.lproj/InfoPlist.strings; sourceTree = "<group>"; };
		C6646CD720507E4800602C20 /* se */ = {isa = PBXFileReference; lastKnownFileType = text.plist.strings; name = se; path = ../se.lproj/Localizable.strings; sourceTree = "<group>"; };
		C6646CD820507E5900602C20 /* nb */ = {isa = PBXFileReference; lastKnownFileType = text.plist.strings; name = nb; path = ../nb.lproj/InfoPlist.strings; sourceTree = "<group>"; };
		C6646CD920507E6F00602C20 /* en-001 */ = {isa = PBXFileReference; lastKnownFileType = text.plist.strings; name = "en-001"; path = "../en-001.lproj/InfoPlist.strings"; sourceTree = "<group>"; };
		C6646CDA20507E7500602C20 /* nb */ = {isa = PBXFileReference; lastKnownFileType = text.plist.strings; name = nb; path = ../nb.lproj/Localizable.strings; sourceTree = "<group>"; };
		C6646CDB20507E7700602C20 /* en-001 */ = {isa = PBXFileReference; lastKnownFileType = text.plist.strings; name = "en-001"; path = "../en-001.lproj/Localizable.strings"; sourceTree = "<group>"; };
		C6646CDB20507E7700602C21 /* nn-Runr */ = {isa = PBXFileReference; lastKnownFileType = text.plist.strings; name = "nn-Runr"; path = "../nn-Runr.lproj/Localizable.strings"; sourceTree = "<group>"; };
		C678E09E26F38E7E00626833 /* TableVerifier.swift */ = {isa = PBXFileReference; fileEncoding = 4; lastKnownFileType = sourcecode.swift; path = TableVerifier.swift; sourceTree = "<group>"; };
		C678E09F26F38E7E00626833 /* Mutable.swift */ = {isa = PBXFileReference; fileEncoding = 4; lastKnownFileType = sourcecode.swift; path = Mutable.swift; sourceTree = "<group>"; };
		C678E0A026F38E7E00626833 /* VeriferOptions.swift */ = {isa = PBXFileReference; fileEncoding = 4; lastKnownFileType = sourcecode.swift; path = VeriferOptions.swift; sourceTree = "<group>"; };
		C678E0A126F38E7E00626833 /* FlatBuffersUtils.swift */ = {isa = PBXFileReference; fileEncoding = 4; lastKnownFileType = sourcecode.swift; path = FlatBuffersUtils.swift; sourceTree = "<group>"; };
		C678E0A226F38E7E00626833 /* Struct.swift */ = {isa = PBXFileReference; fileEncoding = 4; lastKnownFileType = sourcecode.swift; path = Struct.swift; sourceTree = "<group>"; };
		C678E0A326F38E7E00626833 /* Constants.swift */ = {isa = PBXFileReference; fileEncoding = 4; lastKnownFileType = sourcecode.swift; path = Constants.swift; sourceTree = "<group>"; };
		C678E0A426F38E7E00626833 /* Table.swift */ = {isa = PBXFileReference; fileEncoding = 4; lastKnownFileType = sourcecode.swift; path = Table.swift; sourceTree = "<group>"; };
		C678E0A526F38E7E00626833 /* Verifiable.swift */ = {isa = PBXFileReference; fileEncoding = 4; lastKnownFileType = sourcecode.swift; path = Verifiable.swift; sourceTree = "<group>"; };
		C678E0A626F38E7E00626833 /* Root.swift */ = {isa = PBXFileReference; fileEncoding = 4; lastKnownFileType = sourcecode.swift; path = Root.swift; sourceTree = "<group>"; };
		C678E0A726F38E7E00626833 /* Offset.swift */ = {isa = PBXFileReference; fileEncoding = 4; lastKnownFileType = sourcecode.swift; path = Offset.swift; sourceTree = "<group>"; };
		C678E0A826F38E7E00626833 /* Verifier.swift */ = {isa = PBXFileReference; fileEncoding = 4; lastKnownFileType = sourcecode.swift; path = Verifier.swift; sourceTree = "<group>"; };
		C678E0A926F38E7E00626833 /* String+extension.swift */ = {isa = PBXFileReference; fileEncoding = 4; lastKnownFileType = sourcecode.swift; path = "String+extension.swift"; sourceTree = "<group>"; };
		C678E0AA26F38E7E00626833 /* Int+extension.swift */ = {isa = PBXFileReference; fileEncoding = 4; lastKnownFileType = sourcecode.swift; path = "Int+extension.swift"; sourceTree = "<group>"; };
		C678E0AB26F38E7E00626833 /* FlatbuffersErrors.swift */ = {isa = PBXFileReference; fileEncoding = 4; lastKnownFileType = sourcecode.swift; path = FlatbuffersErrors.swift; sourceTree = "<group>"; };
		C678E0AC26F38E7E00626833 /* ByteBuffer.swift */ = {isa = PBXFileReference; fileEncoding = 4; lastKnownFileType = sourcecode.swift; path = ByteBuffer.swift; sourceTree = "<group>"; };
		C678E0AD26F38E7E00626833 /* NativeObject.swift */ = {isa = PBXFileReference; fileEncoding = 4; lastKnownFileType = sourcecode.swift; path = NativeObject.swift; sourceTree = "<group>"; };
		C678E0AE26F38E7E00626833 /* FlatBufferObject.swift */ = {isa = PBXFileReference; fileEncoding = 4; lastKnownFileType = sourcecode.swift; path = FlatBufferObject.swift; sourceTree = "<group>"; };
		C678E0AF26F38E7E00626833 /* Enum.swift */ = {isa = PBXFileReference; fileEncoding = 4; lastKnownFileType = sourcecode.swift; path = Enum.swift; sourceTree = "<group>"; };
		C678E0B026F38E7E00626833 /* Message.swift */ = {isa = PBXFileReference; fileEncoding = 4; lastKnownFileType = sourcecode.swift; path = Message.swift; sourceTree = "<group>"; };
		C678E0B126F38E7E00626833 /* FlatBufferBuilder.swift */ = {isa = PBXFileReference; fileEncoding = 4; lastKnownFileType = sourcecode.swift; path = FlatBufferBuilder.swift; sourceTree = "<group>"; };
		C68E9F832384C2700083ACF4 /* WebBridgeService.swift */ = {isa = PBXFileReference; lastKnownFileType = sourcecode.swift; path = WebBridgeService.swift; sourceTree = "<group>"; };
		C69F948A2028B1EA00127A47 /* Divvun Manager.app */ = {isa = PBXFileReference; explicitFileType = wrapper.application; includeInIndex = 0; path = "Divvun Manager.app"; sourceTree = BUILT_PRODUCTS_DIR; };
		C69F948D2028B1EA00127A47 /* AppDelegate.swift */ = {isa = PBXFileReference; lastKnownFileType = sourcecode.swift; path = AppDelegate.swift; sourceTree = "<group>"; };
		C69F948F2028B1EA00127A47 /* Assets.xcassets */ = {isa = PBXFileReference; lastKnownFileType = folder.assetcatalog; path = Assets.xcassets; sourceTree = "<group>"; };
		C69F94922028B1EA00127A47 /* Base */ = {isa = PBXFileReference; lastKnownFileType = file.xib; name = Base; path = Base.lproj/MainMenu.xib; sourceTree = "<group>"; };
		C69F94942028B1EA00127A47 /* Info.plist */ = {isa = PBXFileReference; lastKnownFileType = text.plist.xml; path = Info.plist; sourceTree = "<group>"; };
		C69F94952028B1EA00127A47 /* Divvun Manager.entitlements */ = {isa = PBXFileReference; lastKnownFileType = text.plist.entitlements; path = "Divvun Manager.entitlements"; sourceTree = "<group>"; };
		C6B742C42049911B00C7877D /* MainOutlineModels.swift */ = {isa = PBXFileReference; lastKnownFileType = sourcecode.swift; path = MainOutlineModels.swift; sourceTree = "<group>"; };
		C6B742C6204BF19E00C7877D /* MainMenu.swift */ = {isa = PBXFileReference; lastKnownFileType = sourcecode.swift; path = MainMenu.swift; sourceTree = "<group>"; };
		C6B742C8204BF22600C7877D /* App.swift */ = {isa = PBXFileReference; lastKnownFileType = sourcecode.swift; path = App.swift; sourceTree = "<group>"; };
		C6B742DB204C14BC00C7877D /* SettingsKey.swift */ = {isa = PBXFileReference; lastKnownFileType = sourcecode.swift; path = SettingsKey.swift; sourceTree = "<group>"; };
		C6B742E0204C456100C7877D /* PahkatConstants.swift */ = {isa = PBXFileReference; lastKnownFileType = sourcecode.swift; path = PahkatConstants.swift; sourceTree = "<group>"; };
		C6C3242B2382F8660043DD18 /* SelectedPackage.swift */ = {isa = PBXFileReference; lastKnownFileType = sourcecode.swift; path = SelectedPackage.swift; sourceTree = "<group>"; };
		C6C3FA632382C3870006E81B /* UserDefaults.swift */ = {isa = PBXFileReference; lastKnownFileType = sourcecode.swift; path = UserDefaults.swift; sourceTree = "<group>"; };
		C6C3FA662382C3C40006E81B /* Process.swift */ = {isa = PBXFileReference; lastKnownFileType = sourcecode.swift; path = Process.swift; sourceTree = "<group>"; };
		C6C820D2204C53EF001682E8 /* PackageDownloadProgress.swift */ = {isa = PBXFileReference; lastKnownFileType = sourcecode.swift; path = PackageDownloadProgress.swift; sourceTree = "<group>"; };
		C6CC91262028E69300CB0B10 /* MainWindow.xib */ = {isa = PBXFileReference; lastKnownFileType = file.xib; path = MainWindow.xib; sourceTree = "<group>"; };
		C6D56BA1252F4AED00620D6F /* DivvunManager-Bridging-Header.h */ = {isa = PBXFileReference; lastKnownFileType = sourcecode.c.h; path = "DivvunManager-Bridging-Header.h"; sourceTree = "<group>"; };
		C6D56BA2252F4AED00620D6F /* SSZipCommon.h */ = {isa = PBXFileReference; fileEncoding = 4; lastKnownFileType = sourcecode.c.h; path = SSZipCommon.h; sourceTree = "<group>"; };
		C6D56BA3252F4AEE00620D6F /* SSZipArchive.m */ = {isa = PBXFileReference; fileEncoding = 4; lastKnownFileType = sourcecode.c.objc; path = SSZipArchive.m; sourceTree = "<group>"; };
		C6D56BA5252F4AEE00620D6F /* mz_strm_os_posix.c */ = {isa = PBXFileReference; fileEncoding = 4; lastKnownFileType = sourcecode.c.c; path = mz_strm_os_posix.c; sourceTree = "<group>"; };
		C6D56BA6252F4AEE00620D6F /* mz_strm_pkcrypt.c */ = {isa = PBXFileReference; fileEncoding = 4; lastKnownFileType = sourcecode.c.c; path = mz_strm_pkcrypt.c; sourceTree = "<group>"; };
		C6D56BA7252F4AEE00620D6F /* mz_strm_wzaes.h */ = {isa = PBXFileReference; fileEncoding = 4; lastKnownFileType = sourcecode.c.h; path = mz_strm_wzaes.h; sourceTree = "<group>"; };
		C6D56BA8252F4AEE00620D6F /* mz_compat.h */ = {isa = PBXFileReference; fileEncoding = 4; lastKnownFileType = sourcecode.c.h; path = mz_compat.h; sourceTree = "<group>"; };
		C6D56BA9252F4AEE00620D6F /* mz_strm_zlib.c */ = {isa = PBXFileReference; fileEncoding = 4; lastKnownFileType = sourcecode.c.c; path = mz_strm_zlib.c; sourceTree = "<group>"; };
		C6D56BAA252F4AEE00620D6F /* mz_zip.c */ = {isa = PBXFileReference; fileEncoding = 4; lastKnownFileType = sourcecode.c.c; path = mz_zip.c; sourceTree = "<group>"; };
		C6D56BAB252F4AEE00620D6F /* mz_os.h */ = {isa = PBXFileReference; fileEncoding = 4; lastKnownFileType = sourcecode.c.h; path = mz_os.h; sourceTree = "<group>"; };
		C6D56BAC252F4AEE00620D6F /* LICENSE */ = {isa = PBXFileReference; fileEncoding = 4; lastKnownFileType = text; path = LICENSE; sourceTree = "<group>"; };
		C6D56BAD252F4AEE00620D6F /* mz_zip_rw.c */ = {isa = PBXFileReference; fileEncoding = 4; lastKnownFileType = sourcecode.c.c; path = mz_zip_rw.c; sourceTree = "<group>"; };
		C6D56BAE252F4AEE00620D6F /* mz_strm_split.h */ = {isa = PBXFileReference; fileEncoding = 4; lastKnownFileType = sourcecode.c.h; path = mz_strm_split.h; sourceTree = "<group>"; };
		C6D56BAF252F4AEE00620D6F /* mz_strm_buf.h */ = {isa = PBXFileReference; fileEncoding = 4; lastKnownFileType = sourcecode.c.h; path = mz_strm_buf.h; sourceTree = "<group>"; };
		C6D56BB0252F4AEE00620D6F /* mz_crypt_apple.c */ = {isa = PBXFileReference; fileEncoding = 4; lastKnownFileType = sourcecode.c.c; path = mz_crypt_apple.c; sourceTree = "<group>"; };
		C6D56BB1252F4AEE00620D6F /* mz_strm.h */ = {isa = PBXFileReference; fileEncoding = 4; lastKnownFileType = sourcecode.c.h; path = mz_strm.h; sourceTree = "<group>"; };
		C6D56BB2252F4AEE00620D6F /* mz_strm_mem.c */ = {isa = PBXFileReference; fileEncoding = 4; lastKnownFileType = sourcecode.c.c; path = mz_strm_mem.c; sourceTree = "<group>"; };
		C6D56BB3252F4AEE00620D6F /* mz_crypt.c */ = {isa = PBXFileReference; fileEncoding = 4; lastKnownFileType = sourcecode.c.c; path = mz_crypt.c; sourceTree = "<group>"; };
		C6D56BB4252F4AEE00620D6F /* mz_strm_wzaes.c */ = {isa = PBXFileReference; fileEncoding = 4; lastKnownFileType = sourcecode.c.c; path = mz_strm_wzaes.c; sourceTree = "<group>"; };
		C6D56BB5252F4AEE00620D6F /* mz_strm_zlib.h */ = {isa = PBXFileReference; fileEncoding = 4; lastKnownFileType = sourcecode.c.h; path = mz_strm_zlib.h; sourceTree = "<group>"; };
		C6D56BB6252F4AEE00620D6F /* mz_compat.c */ = {isa = PBXFileReference; fileEncoding = 4; lastKnownFileType = sourcecode.c.c; path = mz_compat.c; sourceTree = "<group>"; };
		C6D56BB7252F4AEE00620D6F /* mz_strm_pkcrypt.h */ = {isa = PBXFileReference; fileEncoding = 4; lastKnownFileType = sourcecode.c.h; path = mz_strm_pkcrypt.h; sourceTree = "<group>"; };
		C6D56BB8252F4AEE00620D6F /* mz_zip_rw.h */ = {isa = PBXFileReference; fileEncoding = 4; lastKnownFileType = sourcecode.c.h; path = mz_zip_rw.h; sourceTree = "<group>"; };
		C6D56BB9252F4AEE00620D6F /* mz_os.c */ = {isa = PBXFileReference; fileEncoding = 4; lastKnownFileType = sourcecode.c.c; path = mz_os.c; sourceTree = "<group>"; };
		C6D56BBA252F4AEE00620D6F /* mz_zip.h */ = {isa = PBXFileReference; fileEncoding = 4; lastKnownFileType = sourcecode.c.h; path = mz_zip.h; sourceTree = "<group>"; };
		C6D56BBB252F4AEE00620D6F /* mz_os_posix.c */ = {isa = PBXFileReference; fileEncoding = 4; lastKnownFileType = sourcecode.c.c; path = mz_os_posix.c; sourceTree = "<group>"; };
		C6D56BBC252F4AEE00620D6F /* mz.h */ = {isa = PBXFileReference; fileEncoding = 4; lastKnownFileType = sourcecode.c.h; path = mz.h; sourceTree = "<group>"; };
		C6D56BBD252F4AEE00620D6F /* mz_strm_buf.c */ = {isa = PBXFileReference; fileEncoding = 4; lastKnownFileType = sourcecode.c.c; path = mz_strm_buf.c; sourceTree = "<group>"; };
		C6D56BBE252F4AEE00620D6F /* mz_strm_split.c */ = {isa = PBXFileReference; fileEncoding = 4; lastKnownFileType = sourcecode.c.c; path = mz_strm_split.c; sourceTree = "<group>"; };
		C6D56BBF252F4AEE00620D6F /* mz_crypt.h */ = {isa = PBXFileReference; fileEncoding = 4; lastKnownFileType = sourcecode.c.h; path = mz_crypt.h; sourceTree = "<group>"; };
		C6D56BC0252F4AEE00620D6F /* mz_strm_mem.h */ = {isa = PBXFileReference; fileEncoding = 4; lastKnownFileType = sourcecode.c.h; path = mz_strm_mem.h; sourceTree = "<group>"; };
		C6D56BC1252F4AEE00620D6F /* mz_strm.c */ = {isa = PBXFileReference; fileEncoding = 4; lastKnownFileType = sourcecode.c.c; path = mz_strm.c; sourceTree = "<group>"; };
		C6D56BC2252F4AEE00620D6F /* mz_strm_os.h */ = {isa = PBXFileReference; fileEncoding = 4; lastKnownFileType = sourcecode.c.h; path = mz_strm_os.h; sourceTree = "<group>"; };
		C6D56BC3252F4AEE00620D6F /* SSZipArchive.h */ = {isa = PBXFileReference; fileEncoding = 4; lastKnownFileType = sourcecode.c.h; path = SSZipArchive.h; sourceTree = "<group>"; };
		C6D56BD6252F4B0600620D6F /* LICENSE.txt */ = {isa = PBXFileReference; fileEncoding = 4; lastKnownFileType = text; path = LICENSE.txt; sourceTree = "<group>"; };
		C6D56BD8252F4B1D00620D6F /* libz.tbd */ = {isa = PBXFileReference; lastKnownFileType = "sourcecode.text-based-dylib-definition"; name = libz.tbd; path = usr/lib/libz.tbd; sourceTree = SDKROOT; };
		C6D56BD9252F4B2800620D6F /* libiconv.tbd */ = {isa = PBXFileReference; lastKnownFileType = "sourcecode.text-based-dylib-definition"; name = libiconv.tbd; path = usr/lib/libiconv.tbd; sourceTree = SDKROOT; };
		C6D56BDA252F4B4A00620D6F /* Security.framework */ = {isa = PBXFileReference; lastKnownFileType = wrapper.framework; name = Security.framework; path = System/Library/Frameworks/Security.framework; sourceTree = SDKROOT; };
		C6D56BDC252F4DD000620D6F /* LogCollator.swift */ = {isa = PBXFileReference; lastKnownFileType = sourcecode.swift; path = LogCollator.swift; sourceTree = "<group>"; };
		C6D78E1923841D8E002F59E2 /* TransactionType.swift */ = {isa = PBXFileReference; lastKnownFileType = sourcecode.swift; path = TransactionType.swift; sourceTree = "<group>"; };
		C6E392A02447489900560023 /* PackageKey.swift */ = {isa = PBXFileReference; lastKnownFileType = sourcecode.swift; path = PackageKey.swift; sourceTree = "<group>"; };
		C6E392A2244755AE00560023 /* pahkat.pb.swift */ = {isa = PBXFileReference; fileEncoding = 4; lastKnownFileType = sourcecode.swift; path = pahkat.pb.swift; sourceTree = "<group>"; };
		C6E392A3244755AF00560023 /* pahkat.grpc.swift */ = {isa = PBXFileReference; fileEncoding = 4; lastKnownFileType = sourcecode.swift; path = pahkat.grpc.swift; sourceTree = "<group>"; };
		C6E392A4244755AF00560023 /* index_generated.swift */ = {isa = PBXFileReference; fileEncoding = 4; lastKnownFileType = sourcecode.swift; path = index_generated.swift; sourceTree = "<group>"; };
		C6E7559C2462A6A900620D6F /* LandingViewController.swift */ = {isa = PBXFileReference; fileEncoding = 4; lastKnownFileType = sourcecode.swift; path = LandingViewController.swift; sourceTree = "<group>"; };
		C6E7559D2462A6A900620D6F /* LandingView.xib */ = {isa = PBXFileReference; fileEncoding = 4; lastKnownFileType = file.xib; path = LandingView.xib; sourceTree = "<group>"; };
		C6E7559E2462A6A900620D6F /* LandingView.swift */ = {isa = PBXFileReference; fileEncoding = 4; lastKnownFileType = sourcecode.swift; path = LandingView.swift; sourceTree = "<group>"; };
		C6E755A32462A91C00620D6F /* WebBridgeFunctions.swift */ = {isa = PBXFileReference; lastKnownFileType = sourcecode.swift; path = WebBridgeFunctions.swift; sourceTree = "<group>"; };
		C6E755A52462A93E00620D6F /* JSONValue.swift */ = {isa = PBXFileReference; lastKnownFileType = sourcecode.swift; path = JSONValue.swift; sourceTree = "<group>"; };
		C6E755A72462A96800620D6F /* WebBridgeRPC.swift */ = {isa = PBXFileReference; lastKnownFileType = sourcecode.swift; path = WebBridgeRPC.swift; sourceTree = "<group>"; };
		C6E755AC2463361B00620D6F /* InterfaceLanguage.swift */ = {isa = PBXFileReference; lastKnownFileType = sourcecode.swift; path = InterfaceLanguage.swift; sourceTree = "<group>"; };
		C6EB1F2C26E5759B00E89AD1 /* ru */ = {isa = PBXFileReference; lastKnownFileType = text.plist.strings; name = ru; path = ../ru.lproj/InfoPlist.strings; sourceTree = "<group>"; };
		C6EB1F2D26E5759B00E89AD1 /* ru */ = {isa = PBXFileReference; lastKnownFileType = text.plist.strings; name = ru; path = ../ru.lproj/Localizable.strings; sourceTree = "<group>"; };
		C6F4BC562029BC05002EE523 /* MainViewable.swift */ = {isa = PBXFileReference; lastKnownFileType = sourcecode.swift; path = MainViewable.swift; sourceTree = "<group>"; };
		C6F4BC582029BC2C002EE523 /* MainPresenter.swift */ = {isa = PBXFileReference; lastKnownFileType = sourcecode.swift; path = MainPresenter.swift; sourceTree = "<group>"; };
		C6F4BC5A2029BC57002EE523 /* MainViewController.swift */ = {isa = PBXFileReference; lastKnownFileType = sourcecode.swift; path = MainViewController.swift; sourceTree = "<group>"; };
		C6F4BC5C202A410A002EE523 /* SettingsFile.swift */ = {isa = PBXFileReference; lastKnownFileType = sourcecode.swift; path = SettingsFile.swift; sourceTree = "<group>"; };
		C6F4BC5E202A43BC002EE523 /* RxStore.swift */ = {isa = PBXFileReference; lastKnownFileType = sourcecode.swift; path = RxStore.swift; sourceTree = "<group>"; };
		C6F4BC652031DB81002EE523 /* DownloadViewable.swift */ = {isa = PBXFileReference; lastKnownFileType = sourcecode.swift; path = DownloadViewable.swift; sourceTree = "<group>"; };
		C6F4BC692031DBA4002EE523 /* DownloadView.swift */ = {isa = PBXFileReference; lastKnownFileType = sourcecode.swift; path = DownloadView.swift; sourceTree = "<group>"; };
		C6F4BC6D2031DBCB002EE523 /* DownloadViewController.swift */ = {isa = PBXFileReference; lastKnownFileType = sourcecode.swift; path = DownloadViewController.swift; sourceTree = "<group>"; };
		C6F4BC6F2031DBD3002EE523 /* DownloadView.xib */ = {isa = PBXFileReference; lastKnownFileType = file.xib; path = DownloadView.xib; sourceTree = "<group>"; };
		C6F4BC712031DCF7002EE523 /* Cocoa+Rx.swift */ = {isa = PBXFileReference; lastKnownFileType = sourcecode.swift; path = "Cocoa+Rx.swift"; sourceTree = "<group>"; };
		C6F4BC752031E0A3002EE523 /* InstallViewable.swift */ = {isa = PBXFileReference; lastKnownFileType = sourcecode.swift; path = InstallViewable.swift; sourceTree = "<group>"; };
		C6F4BC772031E0AD002EE523 /* CompletionViewable.swift */ = {isa = PBXFileReference; lastKnownFileType = sourcecode.swift; path = CompletionViewable.swift; sourceTree = "<group>"; };
		C6F8A8172028B3C1009A016E /* Cocoa+Nibbable.swift */ = {isa = PBXFileReference; lastKnownFileType = sourcecode.swift; path = "Cocoa+Nibbable.swift"; sourceTree = "<group>"; };
		C6F8A81A2028B404009A016E /* Cocoa.swift */ = {isa = PBXFileReference; lastKnownFileType = sourcecode.swift; path = Cocoa.swift; sourceTree = "<group>"; };
		C6F8A81D2028B996009A016E /* MainView.swift */ = {isa = PBXFileReference; lastKnownFileType = sourcecode.swift; path = MainView.swift; sourceTree = "<group>"; };
		C6F8A81F2028BBC2009A016E /* MainView.xib */ = {isa = PBXFileReference; lastKnownFileType = file.xib; path = MainView.xib; sourceTree = "<group>"; };
		C6F8A8222028BC07009A016E /* WindowManager.swift */ = {isa = PBXFileReference; lastKnownFileType = sourcecode.swift; path = WindowManager.swift; sourceTree = "<group>"; };
		C6F8A8252028BD91009A016E /* MainWindow.swift */ = {isa = PBXFileReference; lastKnownFileType = sourcecode.swift; path = MainWindow.swift; sourceTree = "<group>"; };
/* End PBXFileReference section */

/* Begin PBXFrameworksBuildPhase section */
		C69F94872028B1EA00127A47 /* Frameworks */ = {
			isa = PBXFrameworksBuildPhase;
			buildActionMask = 2147483647;
			files = (
				C63191CA244723760055DA03 /* RxCocoa in Frameworks */,
				C6E755AB2462CC7800620D6F /* RxBlocking in Frameworks */,
				C63191DD24472EF60055DA03 /* GRPC in Frameworks */,
				C63191CD24472C9E0055DA03 /* RxFeedback in Frameworks */,
				C63191DA24472DE50055DA03 /* XCGLogger in Frameworks */,
				C6D56BDB252F4B4A00620D6F /* Security.framework in Frameworks */,
				C63191C8244723760055DA03 /* RxSwift in Frameworks */,
				C63191D524472D910055DA03 /* Sentry in Frameworks */,
				C63191D824472DE50055DA03 /* ObjcExceptionBridging in Frameworks */,
			);
			runOnlyForDeploymentPostprocessing = 0;
		};
/* End PBXFrameworksBuildPhase section */

/* Begin PBXGroup section */
		271249B5204043E2009EE80B /* Settings */ = {
			isa = PBXGroup;
			children = (
				C6E755AE2463486300620D6F /* Add */,
				271249B6204043F7009EE80B /* SettingsWindow.xib */,
				271249B820404409009EE80B /* SettingsWindow.swift */,
				271249BA2040446A009EE80B /* SettingsView.xib */,
				271249BC2040448B009EE80B /* SettingsView.swift */,
				271249BE20404494009EE80B /* SettingsViewable.swift */,
				271249C02040449E009EE80B /* SettingsViewController.swift */,
				C6E755AC2463361B00620D6F /* InterfaceLanguage.swift */,
			);
			path = Settings;
			sourceTree = "<group>";
		};
		99C6A53724509CE700AF4247 /* TestData */ = {
			isa = PBXGroup;
			children = (
				99C6A53824509D0700AF4247 /* index.bin */,
			);
			path = TestData;
			sourceTree = "<group>";
		};
		A8511AC329DEAF6400CB17F1 /* Connecting */ = {
			isa = PBXGroup;
			children = (
				A8511AC429DEAFAE00CB17F1 /* ConnectingView.swift */,
				A8511AC629DEAFBB00CB17F1 /* ConnectingViewController.swift */,
				A8511ACA29DEB04000CB17F1 /* ConnectingView.xib */,
			);
			path = Connecting;
			sourceTree = "<group>";
		};
		C62270432035C1BE00DBCD65 /* Detailed */ = {
			isa = PBXGroup;
			children = (
				C6F8A81D2028B996009A016E /* MainView.swift */,
				C6F8A81F2028BBC2009A016E /* MainView.xib */,
				C6F4BC562029BC05002EE523 /* MainViewable.swift */,
				C6F4BC582029BC2C002EE523 /* MainPresenter.swift */,
				C6F4BC5A2029BC57002EE523 /* MainViewController.swift */,
				C6B742C42049911B00C7877D /* MainOutlineModels.swift */,
			);
			path = Detailed;
			sourceTree = "<group>";
		};
		C62270532036EA8D00DBCD65 /* Utilities */ = {
			isa = PBXGroup;
			children = (
				C6F4BC5E202A43BC002EE523 /* RxStore.swift */,
				C622706A203A247300DBCD65 /* ISO639.swift */,
				C62462382201226300BE484B /* CompatNSMenuItem.swift */,
				C612CFBB2448770A00EFEA98 /* Config.swift */,
			);
			path = Utilities;
			sourceTree = "<group>";
		};
		C62270592037344E00DBCD65 /* Support */ = {
			isa = PBXGroup;
			children = (
				C656A694203EE4F80004E7F1 /* LocalisationResources */,
				C6227068203A243700DBCD65 /* iso639-autonyms.tsv */,
				C60B22F020432AF400A2027A /* InfoPlist.strings */,
				C62270622039E08B00DBCD65 /* Localizable.strings */,
				C69F948F2028B1EA00127A47 /* Assets.xcassets */,
				C69F94952028B1EA00127A47 /* Divvun Manager.entitlements */,
				C69F94942028B1EA00127A47 /* Info.plist */,
			);
			path = Support;
			sourceTree = "<group>";
		};
		C656A694203EE4F80004E7F1 /* LocalisationResources */ = {
			isa = PBXGroup;
			children = (
				C656A695203EE5190004E7F1 /* base.yaml */,
			);
			path = LocalisationResources;
			sourceTree = "<group>";
		};
		C678E09D26F38E5600626833 /* FlatBuffers */ = {
			isa = PBXGroup;
			children = (
				C678E0AC26F38E7E00626833 /* ByteBuffer.swift */,
				C678E0A326F38E7E00626833 /* Constants.swift */,
				C678E0AF26F38E7E00626833 /* Enum.swift */,
				C678E0B126F38E7E00626833 /* FlatBufferBuilder.swift */,
				C678E0AE26F38E7E00626833 /* FlatBufferObject.swift */,
				C678E0AB26F38E7E00626833 /* FlatbuffersErrors.swift */,
				C678E0A126F38E7E00626833 /* FlatBuffersUtils.swift */,
				C678E0AA26F38E7E00626833 /* Int+extension.swift */,
				C678E0B026F38E7E00626833 /* Message.swift */,
				C678E09F26F38E7E00626833 /* Mutable.swift */,
				C678E0AD26F38E7E00626833 /* NativeObject.swift */,
				C678E0A726F38E7E00626833 /* Offset.swift */,
				C678E0A626F38E7E00626833 /* Root.swift */,
				C678E0A926F38E7E00626833 /* String+extension.swift */,
				C678E0A226F38E7E00626833 /* Struct.swift */,
				C678E0A426F38E7E00626833 /* Table.swift */,
				C678E09E26F38E7E00626833 /* TableVerifier.swift */,
				C678E0A026F38E7E00626833 /* VeriferOptions.swift */,
				C678E0A526F38E7E00626833 /* Verifiable.swift */,
				C678E0A826F38E7E00626833 /* Verifier.swift */,
			);
			path = FlatBuffers;
			sourceTree = "<group>";
		};
		C67E3B4C24485FD100A5D372 /* BTree */ = {
			isa = PBXGroup;
			children = (
				C612CFA22448605600EFEA98 /* BridgedList.swift */,
				C612CFAA2448605700EFEA98 /* BTree.swift */,
				C612CF9B2448605400EFEA98 /* BTreeBuilder.swift */,
				C612CFA52448605600EFEA98 /* BTreeComparisons.swift */,
				C612CF9C2448605500EFEA98 /* BTreeCursor.swift */,
				C612CF9E2448605500EFEA98 /* BTreeIndex.swift */,
				C612CF9D2448605500EFEA98 /* BTreeIterator.swift */,
				C612CFA02448605600EFEA98 /* BTreeMerger.swift */,
				C612CFA72448605700EFEA98 /* BTreeNode.swift */,
				C612CFA82448605700EFEA98 /* BTreePath.swift */,
				C612CFA62448605700EFEA98 /* Compatibility.swift */,
				C612CFA42448605600EFEA98 /* List.swift */,
				C612CFA32448605600EFEA98 /* Map.swift */,
				C612CFA92448605700EFEA98 /* SortedBag.swift */,
				C612CF9F2448605500EFEA98 /* SortedSet.swift */,
				C612CFA12448605600EFEA98 /* Weak.swift */,
			);
			path = BTree;
			sourceTree = "<group>";
		};
		C69F94812028B1EA00127A47 = {
			isa = PBXGroup;
			children = (
				C69F948C2028B1EA00127A47 /* Sources */,
				C6C3FA512382C1EA0006E81B /* Shared */,
				C69F948B2028B1EA00127A47 /* Products */,
				C6E755A92462CC7800620D6F /* Frameworks */,
			);
			sourceTree = "<group>";
		};
		C69F948B2028B1EA00127A47 /* Products */ = {
			isa = PBXGroup;
			children = (
				C69F948A2028B1EA00127A47 /* Divvun Manager.app */,
			);
			name = Products;
			sourceTree = "<group>";
		};
		C69F948C2028B1EA00127A47 /* Sources */ = {
			isa = PBXGroup;
			children = (
				99C6A53724509CE700AF4247 /* TestData */,
				C6B742C8204BF22600C7877D /* App.swift */,
				99AA94B02462B57E00E46795 /* AppContext.swift */,
				C69F948D2028B1EA00127A47 /* AppDelegate.swift */,
				C6F8A8192028B3F3009A016E /* Extensions */,
				C6F8A8212028BBFC009A016E /* Managers */,
				C6F4BC792031E17E002EE523 /* Models */,
				C6CC912820291A1B00CB0B10 /* Services */,
				C62270592037344E00DBCD65 /* Support */,
				C6CC912B2029A56F00CB0B10 /* UI */,
				C62270532036EA8D00DBCD65 /* Utilities */,
				C6B742E0204C456100C7877D /* PahkatConstants.swift */,
			);
			path = Sources;
			sourceTree = "<group>";
		};
		C6C3FA512382C1EA0006E81B /* Shared */ = {
			isa = PBXGroup;
			children = (
				C678E09D26F38E5600626833 /* FlatBuffers */,
				C6D56BA1252F4AED00620D6F /* DivvunManager-Bridging-Header.h */,
				C6D56BA0252F4AD800620D6F /* SSZipArchive */,
				C67E3B4C24485FD100A5D372 /* BTree */,
				C6E392A4244755AF00560023 /* index_generated.swift */,
				C612CFC32448B0E500EFEA98 /* index_generated+Extensions.swift */,
				C6E392A3244755AF00560023 /* pahkat.grpc.swift */,
				C6E392A2244755AE00560023 /* pahkat.pb.swift */,
				C6C3FA622382C3500006E81B /* Extensions */,
				C622705E2039DEC800DBCD65 /* Strings.swift */,
			);
			path = Shared;
			sourceTree = "<group>";
		};
		C6C3FA622382C3500006E81B /* Extensions */ = {
			isa = PBXGroup;
			children = (
				C6C3FA632382C3870006E81B /* UserDefaults.swift */,
				C6C3FA662382C3C40006E81B /* Process.swift */,
			);
			path = Extensions;
			sourceTree = "<group>";
		};
		C6CC912820291A1B00CB0B10 /* Services */ = {
			isa = PBXGroup;
			children = (
				C6E755A22462A90C00620D6F /* WebBridge */,
				C68E9F832384C2700083ACF4 /* WebBridgeService.swift */,
				C612CFBD2448AA7100EFEA98 /* RPCService.swift */,
				C624C14B250FA1FB00620D6F /* Logging.swift */,
				C6D56BDC252F4DD000620D6F /* LogCollator.swift */,
			);
			path = Services;
			sourceTree = "<group>";
		};
		C6CC912B2029A56F00CB0B10 /* UI */ = {
			isa = PBXGroup;
			children = (
				271249B5204043E2009EE80B /* Settings */,
				C6CC912C2029A57700CB0B10 /* Main */,
			);
			path = UI;
			sourceTree = "<group>";
		};
		C6CC912C2029A57700CB0B10 /* Main */ = {
			isa = PBXGroup;
			children = (
				C6B742C6204BF19E00C7877D /* MainMenu.swift */,
				C69F94912028B1EA00127A47 /* MainMenu.xib */,
				C6F8A8252028BD91009A016E /* MainWindow.swift */,
				C6CC91262028E69300CB0B10 /* MainWindow.xib */,
				A8511AC329DEAF6400CB17F1 /* Connecting */,
				C62270432035C1BE00DBCD65 /* Detailed */,
				C6E7559B2462A65500620D6F /* Landing */,
				C6F4BC642031DB6C002EE523 /* Download */,
				C6F4BC732031E08C002EE523 /* Install */,
				C6F4BC742031E096002EE523 /* Completion */,
			);
			path = Main;
			sourceTree = "<group>";
		};
		C6D56BA0252F4AD800620D6F /* SSZipArchive */ = {
			isa = PBXGroup;
			children = (
				C6D56BA4252F4AEE00620D6F /* minizip */,
				C6D56BC3252F4AEE00620D6F /* SSZipArchive.h */,
				C6D56BA3252F4AEE00620D6F /* SSZipArchive.m */,
				C6D56BA2252F4AED00620D6F /* SSZipCommon.h */,
				C6D56BD6252F4B0600620D6F /* LICENSE.txt */,
			);
			path = SSZipArchive;
			sourceTree = "<group>";
		};
		C6D56BA4252F4AEE00620D6F /* minizip */ = {
			isa = PBXGroup;
			children = (
				C6D56BA5252F4AEE00620D6F /* mz_strm_os_posix.c */,
				C6D56BA6252F4AEE00620D6F /* mz_strm_pkcrypt.c */,
				C6D56BA7252F4AEE00620D6F /* mz_strm_wzaes.h */,
				C6D56BA8252F4AEE00620D6F /* mz_compat.h */,
				C6D56BA9252F4AEE00620D6F /* mz_strm_zlib.c */,
				C6D56BAA252F4AEE00620D6F /* mz_zip.c */,
				C6D56BAB252F4AEE00620D6F /* mz_os.h */,
				C6D56BAC252F4AEE00620D6F /* LICENSE */,
				C6D56BAD252F4AEE00620D6F /* mz_zip_rw.c */,
				C6D56BAE252F4AEE00620D6F /* mz_strm_split.h */,
				C6D56BAF252F4AEE00620D6F /* mz_strm_buf.h */,
				C6D56BB0252F4AEE00620D6F /* mz_crypt_apple.c */,
				C6D56BB1252F4AEE00620D6F /* mz_strm.h */,
				C6D56BB2252F4AEE00620D6F /* mz_strm_mem.c */,
				C6D56BB3252F4AEE00620D6F /* mz_crypt.c */,
				C6D56BB4252F4AEE00620D6F /* mz_strm_wzaes.c */,
				C6D56BB5252F4AEE00620D6F /* mz_strm_zlib.h */,
				C6D56BB6252F4AEE00620D6F /* mz_compat.c */,
				C6D56BB7252F4AEE00620D6F /* mz_strm_pkcrypt.h */,
				C6D56BB8252F4AEE00620D6F /* mz_zip_rw.h */,
				C6D56BB9252F4AEE00620D6F /* mz_os.c */,
				C6D56BBA252F4AEE00620D6F /* mz_zip.h */,
				C6D56BBB252F4AEE00620D6F /* mz_os_posix.c */,
				C6D56BBC252F4AEE00620D6F /* mz.h */,
				C6D56BBD252F4AEE00620D6F /* mz_strm_buf.c */,
				C6D56BBE252F4AEE00620D6F /* mz_strm_split.c */,
				C6D56BBF252F4AEE00620D6F /* mz_crypt.h */,
				C6D56BC0252F4AEE00620D6F /* mz_strm_mem.h */,
				C6D56BC1252F4AEE00620D6F /* mz_strm.c */,
				C6D56BC2252F4AEE00620D6F /* mz_strm_os.h */,
			);
			path = minizip;
			sourceTree = "<group>";
		};
		C6E7559B2462A65500620D6F /* Landing */ = {
			isa = PBXGroup;
			children = (
				C6E7559E2462A6A900620D6F /* LandingView.swift */,
				C6E7559D2462A6A900620D6F /* LandingView.xib */,
				C6E7559C2462A6A900620D6F /* LandingViewController.swift */,
			);
			path = Landing;
			sourceTree = "<group>";
		};
		C6E755A22462A90C00620D6F /* WebBridge */ = {
			isa = PBXGroup;
			children = (
				C6E755A32462A91C00620D6F /* WebBridgeFunctions.swift */,
				C6E755A52462A93E00620D6F /* JSONValue.swift */,
				C6E755A72462A96800620D6F /* WebBridgeRPC.swift */,
			);
			path = WebBridge;
			sourceTree = "<group>";
		};
		C6E755A92462CC7800620D6F /* Frameworks */ = {
			isa = PBXGroup;
			children = (
				C6D56BDA252F4B4A00620D6F /* Security.framework */,
				C6D56BD9252F4B2800620D6F /* libiconv.tbd */,
				C6D56BD8252F4B1D00620D6F /* libz.tbd */,
			);
			name = Frameworks;
			sourceTree = "<group>";
		};
		C6E755AE2463486300620D6F /* Add */ = {
			isa = PBXGroup;
			children = (
			);
			path = Add;
			sourceTree = "<group>";
		};
		C6F4BC642031DB6C002EE523 /* Download */ = {
			isa = PBXGroup;
			children = (
				276391AB203D7F620096E10C /* DownloadProgressView.swift */,
				276391AD203DA3020096E10C /* DownloadProgressView.xib */,
				C6F4BC692031DBA4002EE523 /* DownloadView.swift */,
				C6F4BC6F2031DBD3002EE523 /* DownloadView.xib */,
				C6F4BC652031DB81002EE523 /* DownloadViewable.swift */,
				C6F4BC6D2031DBCB002EE523 /* DownloadViewController.swift */,
			);
			path = Download;
			sourceTree = "<group>";
		};
		C6F4BC732031E08C002EE523 /* Install */ = {
			isa = PBXGroup;
			children = (
				278A10B6203ADACD007C3DC8 /* InstallView.swift */,
				278A10B4203ADAB2007C3DC8 /* InstallView.xib */,
				C6F4BC752031E0A3002EE523 /* InstallViewable.swift */,
				2763919F203ADDC30096E10C /* InstallViewController.swift */,
			);
			path = Install;
			sourceTree = "<group>";
		};
		C6F4BC742031E096002EE523 /* Completion */ = {
			isa = PBXGroup;
			children = (
				C6F4BC772031E0AD002EE523 /* CompletionViewable.swift */,
				276391A3203AE2660096E10C /* CompletionViewController.swift */,
				276391A5203AECE30096E10C /* CompletionView.swift */,
				C656A692203ECAF80004E7F1 /* CompletionView.xib */,
			);
			path = Completion;
			sourceTree = "<group>";
		};
		C6F4BC792031E17E002EE523 /* Models */ = {
			isa = PBXGroup;
			children = (
				C6C820D2204C53EF001682E8 /* PackageDownloadProgress.swift */,
				C6B742DB204C14BC00C7877D /* SettingsKey.swift */,
				C6F4BC5C202A410A002EE523 /* SettingsFile.swift */,
				C6C3242B2382F8660043DD18 /* SelectedPackage.swift */,
				C6D78E1923841D8E002F59E2 /* TransactionType.swift */,
				C6E392A02447489900560023 /* PackageKey.swift */,
				99F28AE3245966C8006F14EF /* ResolvedAction.swift */,
				C612CFBF2448AA8700EFEA98 /* PackageAction.swift */,
				C612CFC12448AC0700EFEA98 /* LoadedRepository.swift */,
				99C6A535244E079800AF4247 /* LoadedRepository+mock.swift */,
			);
			path = Models;
			sourceTree = "<group>";
		};
		C6F8A8192028B3F3009A016E /* Extensions */ = {
			isa = PBXGroup;
			children = (
				C6F8A81A2028B404009A016E /* Cocoa.swift */,
				C6F8A8172028B3C1009A016E /* Cocoa+Nibbable.swift */,
				C6F4BC712031DCF7002EE523 /* Cocoa+Rx.swift */,
			);
			path = Extensions;
			sourceTree = "<group>";
		};
		C6F8A8212028BBFC009A016E /* Managers */ = {
			isa = PBXGroup;
			children = (
				C6F8A8222028BC07009A016E /* WindowManager.swift */,
			);
			path = Managers;
			sourceTree = "<group>";
		};
/* End PBXGroup section */

/* Begin PBXNativeTarget section */
		C69F94892028B1EA00127A47 /* Divvun Manager */ = {
			isa = PBXNativeTarget;
			buildConfigurationList = C69F94982028B1EA00127A47 /* Build configuration list for PBXNativeTarget "Divvun Manager" */;
			buildPhases = (
				C69F94862028B1EA00127A47 /* Sources */,
				C69F94872028B1EA00127A47 /* Frameworks */,
				C69F94882028B1EA00127A47 /* Resources */,
				C6EA31D721B0A2460014F3B6 /* Embed XPC Services */,
				C63191D224472CF00055DA03 /* Embed Frameworks */,
			);
			buildRules = (
			);
			dependencies = (
			);
			name = "Divvun Manager";
			packageProductDependencies = (
				C63191C7244723760055DA03 /* RxSwift */,
				C63191C9244723760055DA03 /* RxCocoa */,
				C63191CC24472C9E0055DA03 /* RxFeedback */,
				C63191D424472D910055DA03 /* Sentry */,
				C63191D724472DE50055DA03 /* ObjcExceptionBridging */,
				C63191D924472DE50055DA03 /* XCGLogger */,
				C63191DC24472EF60055DA03 /* GRPC */,
				C6E755AA2462CC7800620D6F /* RxBlocking */,
			);
			productName = "Divvun Manager";
			productReference = C69F948A2028B1EA00127A47 /* Divvun Manager.app */;
			productType = "com.apple.product-type.application";
		};
/* End PBXNativeTarget section */

/* Begin PBXProject section */
		C69F94822028B1EA00127A47 /* Project object */ = {
			isa = PBXProject;
			attributes = {
				LastSwiftUpdateCheck = 1010;
				LastUpgradeCheck = 1200;
				ORGANIZATIONNAME = Divvun;
				TargetAttributes = {
					C69F94892028B1EA00127A47 = {
						CreatedOnToolsVersion = 9.2;
						LastSwiftMigration = 1200;
						SystemCapabilities = {
							com.apple.Sandbox = {
								enabled = 0;
							};
						};
					};
				};
			};
			buildConfigurationList = C69F94852028B1EA00127A47 /* Build configuration list for PBXProject "Divvun Manager" */;
			compatibilityVersion = "Xcode 8.0";
			developmentRegion = en;
			hasScannedForEncodings = 0;
			knownRegions = (
				en,
				Base,
				nn,
				"nn-Runr",
				se,
				nb,
				"en-001",
				ru,
			);
			mainGroup = C69F94812028B1EA00127A47;
			packageReferences = (
				C63191C6244723760055DA03 /* XCRemoteSwiftPackageReference "RxSwift" */,
				C63191CB24472C9D0055DA03 /* XCRemoteSwiftPackageReference "RxFeedback" */,
				C63191D324472D910055DA03 /* XCRemoteSwiftPackageReference "sentry-cocoa" */,
				C63191D624472DE50055DA03 /* XCRemoteSwiftPackageReference "XCGLogger" */,
				C63191DB24472EF60055DA03 /* XCRemoteSwiftPackageReference "grpc-swift" */,
			);
			productRefGroup = C69F948B2028B1EA00127A47 /* Products */;
			projectDirPath = "";
			projectRoot = "";
			targets = (
				C69F94892028B1EA00127A47 /* Divvun Manager */,
			);
		};
/* End PBXProject section */

/* Begin PBXResourcesBuildPhase section */
		C69F94882028B1EA00127A47 /* Resources */ = {
			isa = PBXResourcesBuildPhase;
			buildActionMask = 2147483647;
			files = (
				271249B7204043F7009EE80B /* SettingsWindow.xib in Resources */,
				C60B22F220432AF400A2027A /* InfoPlist.strings in Resources */,
				C6227069203A243700DBCD65 /* iso639-autonyms.tsv in Resources */,
				A8511ACB29DEB04000CB17F1 /* ConnectingView.xib in Resources */,
				C656A696203EE5190004E7F1 /* base.yaml in Resources */,
				C6CC91272028E69300CB0B10 /* MainWindow.xib in Resources */,
				C6F8A8202028BBC2009A016E /* MainView.xib in Resources */,
				271249BB2040446A009EE80B /* SettingsView.xib in Resources */,
				278A10B5203ADAB2007C3DC8 /* InstallView.xib in Resources */,
				C6D56BCA252F4AEE00620D6F /* LICENSE in Resources */,
				C6E755A02462A6A900620D6F /* LandingView.xib in Resources */,
				276391AE203DA3020096E10C /* DownloadProgressView.xib in Resources */,
				C69F94902028B1EA00127A47 /* Assets.xcassets in Resources */,
				C6D56BD7252F4B0600620D6F /* LICENSE.txt in Resources */,
				C69F94932028B1EA00127A47 /* MainMenu.xib in Resources */,
				C656A693203ECAF80004E7F1 /* CompletionView.xib in Resources */,
				C62270642039E08B00DBCD65 /* Localizable.strings in Resources */,
				C6F4BC702031DBD3002EE523 /* DownloadView.xib in Resources */,
				99C6A53924509D0700AF4247 /* index.bin in Resources */,
			);
			runOnlyForDeploymentPostprocessing = 0;
		};
/* End PBXResourcesBuildPhase section */

/* Begin PBXSourcesBuildPhase section */
		C69F94862028B1EA00127A47 /* Sources */ = {
			isa = PBXSourcesBuildPhase;
			buildActionMask = 2147483647;
			files = (
				C6D56BD2252F4AEE00620D6F /* mz_os_posix.c in Sources */,
				278A10B7203ADACD007C3DC8 /* InstallView.swift in Sources */,
				C612CFAF2448605700EFEA98 /* SortedSet.swift in Sources */,
				99C6A536244E079800AF4247 /* LoadedRepository+mock.swift in Sources */,
				C6E392A7244755AF00560023 /* index_generated.swift in Sources */,
				C6D56BCC252F4AEE00620D6F /* mz_crypt_apple.c in Sources */,
				C6D56BC5252F4AEE00620D6F /* SSZipArchive.m in Sources */,
				C6B742C7204BF19E00C7877D /* MainMenu.swift in Sources */,
				C6D56BCE252F4AEE00620D6F /* mz_crypt.c in Sources */,
				C678E0B426F38E7E00626833 /* VeriferOptions.swift in Sources */,
				C6C3FA642382C3870006E81B /* UserDefaults.swift in Sources */,
				A8511AC729DEAFBB00CB17F1 /* ConnectingViewController.swift in Sources */,
				C6D56BD5252F4AEE00620D6F /* mz_strm.c in Sources */,
				C6C3FA672382C3C40006E81B /* Process.swift in Sources */,
				276391A6203AECE30096E10C /* CompletionView.swift in Sources */,
				C69F948E2028B1EA00127A47 /* AppDelegate.swift in Sources */,
				C612CFB72448605700EFEA98 /* BTreeNode.swift in Sources */,
				C6F4BC5B2029BC57002EE523 /* MainViewController.swift in Sources */,
				C612CFB62448605700EFEA98 /* Compatibility.swift in Sources */,
				C6D56BCB252F4AEE00620D6F /* mz_zip_rw.c in Sources */,
				C678E0C126F38E7E00626833 /* NativeObject.swift in Sources */,
				C6E7559F2462A6A900620D6F /* LandingViewController.swift in Sources */,
				C678E0BC26F38E7E00626833 /* Verifier.swift in Sources */,
				C6F4BC6E2031DBCB002EE523 /* DownloadViewController.swift in Sources */,
				C678E0B826F38E7E00626833 /* Table.swift in Sources */,
				C612CFB42448605700EFEA98 /* List.swift in Sources */,
				C678E0B526F38E7E00626833 /* FlatBuffersUtils.swift in Sources */,
				C6D56BC7252F4AEE00620D6F /* mz_strm_pkcrypt.c in Sources */,
				C612CFBE2448AA7100EFEA98 /* RPCService.swift in Sources */,
				271249C12040449E009EE80B /* SettingsViewController.swift in Sources */,
				C6D56BD0252F4AEE00620D6F /* mz_compat.c in Sources */,
				C6F8A8182028B3C1009A016E /* Cocoa+Nibbable.swift in Sources */,
				C6E755A62462A93E00620D6F /* JSONValue.swift in Sources */,
				C612CFB12448605700EFEA98 /* Weak.swift in Sources */,
				C62462392201226300BE484B /* CompatNSMenuItem.swift in Sources */,
				C678E0BF26F38E7E00626833 /* FlatbuffersErrors.swift in Sources */,
				C678E0B926F38E7E00626833 /* Verifiable.swift in Sources */,
				C6E755A82462A96800620D6F /* WebBridgeRPC.swift in Sources */,
				C6F4BC5D202A410A002EE523 /* SettingsFile.swift in Sources */,
				C612CFC02448AA8700EFEA98 /* PackageAction.swift in Sources */,
				C6E392A5244755AF00560023 /* pahkat.pb.swift in Sources */,
				C678E0BA26F38E7E00626833 /* Root.swift in Sources */,
				271249BD2040448B009EE80B /* SettingsView.swift in Sources */,
				C6E392A6244755AF00560023 /* pahkat.grpc.swift in Sources */,
				271249B920404409009EE80B /* SettingsWindow.swift in Sources */,
				C6B742DC204C14BC00C7877D /* SettingsKey.swift in Sources */,
				276391AC203D7F620096E10C /* DownloadProgressView.swift in Sources */,
				C6F4BC572029BC05002EE523 /* MainViewable.swift in Sources */,
				C612CFBA2448605700EFEA98 /* BTree.swift in Sources */,
				C678E0C326F38E7E00626833 /* Enum.swift in Sources */,
				C612CFAD2448605700EFEA98 /* BTreeIterator.swift in Sources */,
				C678E0BE26F38E7E00626833 /* Int+extension.swift in Sources */,
				C6C3242C2382F8660043DD18 /* SelectedPackage.swift in Sources */,
				276391A4203AE2660096E10C /* CompletionViewController.swift in Sources */,
				C6F4BC662031DB81002EE523 /* DownloadViewable.swift in Sources */,
				C6D56BD1252F4AEE00620D6F /* mz_os.c in Sources */,
				C6E755A12462A6A900620D6F /* LandingView.swift in Sources */,
				C6D56BD4252F4AEE00620D6F /* mz_strm_split.c in Sources */,
				C678E0C226F38E7E00626833 /* FlatBufferObject.swift in Sources */,
				C678E0C526F38E7E00626833 /* FlatBufferBuilder.swift in Sources */,
				C6F8A81E2028B996009A016E /* MainView.swift in Sources */,
				C6F4BC592029BC2C002EE523 /* MainPresenter.swift in Sources */,
				C612CFAB2448605700EFEA98 /* BTreeBuilder.swift in Sources */,
				C612CFB52448605700EFEA98 /* BTreeComparisons.swift in Sources */,
				C6D56BCD252F4AEE00620D6F /* mz_strm_mem.c in Sources */,
				C6F4BC6A2031DBA4002EE523 /* DownloadView.swift in Sources */,
				C612CFB92448605700EFEA98 /* SortedBag.swift in Sources */,
				C6F4BC762031E0A3002EE523 /* InstallViewable.swift in Sources */,
				C6F8A81B2028B404009A016E /* Cocoa.swift in Sources */,
				C612CFB02448605700EFEA98 /* BTreeMerger.swift in Sources */,
				C6B742C52049911B00C7877D /* MainOutlineModels.swift in Sources */,
				C678E0BD26F38E7E00626833 /* String+extension.swift in Sources */,
				C622706B203A247300DBCD65 /* ISO639.swift in Sources */,
				C6B742C9204BF22600C7877D /* App.swift in Sources */,
				C68E9F842384C2700083ACF4 /* WebBridgeService.swift in Sources */,
				C6F8A8232028BC07009A016E /* WindowManager.swift in Sources */,
				C612CFC42448B0E500EFEA98 /* index_generated+Extensions.swift in Sources */,
				C6E755AD2463361B00620D6F /* InterfaceLanguage.swift in Sources */,
				C6D56BCF252F4AEE00620D6F /* mz_strm_wzaes.c in Sources */,
				C6C820D3204C53EF001682E8 /* PackageDownloadProgress.swift in Sources */,
				C678E0B226F38E7E00626833 /* TableVerifier.swift in Sources */,
				C612CFB22448605700EFEA98 /* BridgedList.swift in Sources */,
				C612CFB32448605700EFEA98 /* Map.swift in Sources */,
				C612CFB82448605700EFEA98 /* BTreePath.swift in Sources */,
				C622705F2039DEC800DBCD65 /* Strings.swift in Sources */,
				C6F4BC782031E0AD002EE523 /* CompletionViewable.swift in Sources */,
				271249BF20404495009EE80B /* SettingsViewable.swift in Sources */,
				C6D78E1A23841D8E002F59E2 /* TransactionType.swift in Sources */,
				C6D56BC8252F4AEE00620D6F /* mz_strm_zlib.c in Sources */,
				C6D56BDD252F4DD000620D6F /* LogCollator.swift in Sources */,
				C624C14C250FA1FB00620D6F /* Logging.swift in Sources */,
				C6E392A12447489900560023 /* PackageKey.swift in Sources */,
				C6D56BC9252F4AEE00620D6F /* mz_zip.c in Sources */,
				C6D56BC6252F4AEE00620D6F /* mz_strm_os_posix.c in Sources */,
				C6F4BC5F202A43BC002EE523 /* RxStore.swift in Sources */,
				C612CFBC2448770A00EFEA98 /* Config.swift in Sources */,
				C6E755A42462A91C00620D6F /* WebBridgeFunctions.swift in Sources */,
				C612CFAC2448605700EFEA98 /* BTreeCursor.swift in Sources */,
				C678E0C026F38E7E00626833 /* ByteBuffer.swift in Sources */,
				A8511AC529DEAFAE00CB17F1 /* ConnectingView.swift in Sources */,
				276391A0203ADDC30096E10C /* InstallViewController.swift in Sources */,
				C612CFC22448AC0700EFEA98 /* LoadedRepository.swift in Sources */,
				99F28AE4245966C8006F14EF /* ResolvedAction.swift in Sources */,
				99AA94B12462B57E00E46795 /* AppContext.swift in Sources */,
				C678E0B326F38E7E00626833 /* Mutable.swift in Sources */,
				C678E0C426F38E7E00626833 /* Message.swift in Sources */,
				C6D56BD3252F4AEE00620D6F /* mz_strm_buf.c in Sources */,
				C612CFAE2448605700EFEA98 /* BTreeIndex.swift in Sources */,
				C6F8A8262028BD91009A016E /* MainWindow.swift in Sources */,
				C678E0B626F38E7E00626833 /* Struct.swift in Sources */,
				C678E0B726F38E7E00626833 /* Constants.swift in Sources */,
				C6F4BC722031DCF7002EE523 /* Cocoa+Rx.swift in Sources */,
				C678E0BB26F38E7E00626833 /* Offset.swift in Sources */,
				C6B742E1204C456100C7877D /* PahkatConstants.swift in Sources */,
			);
			runOnlyForDeploymentPostprocessing = 0;
		};
/* End PBXSourcesBuildPhase section */

/* Begin PBXVariantGroup section */
		C60B22F020432AF400A2027A /* InfoPlist.strings */ = {
			isa = PBXVariantGroup;
			children = (
				C60B22F120432AF400A2027A /* Base */,
				C60B22F320432AF800A2027A /* nn */,
				C6646CD620507E3300602C20 /* se */,
				C6646CD820507E5900602C20 /* nb */,
				C6646CD920507E6F00602C20 /* en-001 */,
				C61C52352051350000CAA498 /* nn-Runr */,
				C6EB1F2C26E5759B00E89AD1 /* ru */,
			);
			name = InfoPlist.strings;
			sourceTree = "<group>";
		};
		C62270622039E08B00DBCD65 /* Localizable.strings */ = {
			isa = PBXVariantGroup;
			children = (
				C62270632039E08B00DBCD65 /* Base */,
				C62270652039E09600DBCD65 /* en */,
				C60B22ED2043217300A2027A /* nn */,
				C6646CD720507E4800602C20 /* se */,
				C6646CDA20507E7500602C20 /* nb */,
				C6646CDB20507E7700602C20 /* en-001 */,
				C6646CDB20507E7700602C21 /* nn-Runr */,
				C6EB1F2D26E5759B00E89AD1 /* ru */,
			);
			name = Localizable.strings;
			sourceTree = "<group>";
		};
		C69F94912028B1EA00127A47 /* MainMenu.xib */ = {
			isa = PBXVariantGroup;
			children = (
				C69F94922028B1EA00127A47 /* Base */,
			);
			name = MainMenu.xib;
			sourceTree = "<group>";
		};
/* End PBXVariantGroup section */

/* Begin XCBuildConfiguration section */
		C69F94962028B1EA00127A47 /* Debug */ = {
			isa = XCBuildConfiguration;
			buildSettings = {
				ALWAYS_SEARCH_USER_PATHS = NO;
				CLANG_ANALYZER_LOCALIZABILITY_NONLOCALIZED = YES;
				CLANG_ANALYZER_NONNULL = YES;
				CLANG_ANALYZER_NUMBER_OBJECT_CONVERSION = YES_AGGRESSIVE;
				CLANG_CXX_LANGUAGE_STANDARD = "gnu++14";
				CLANG_CXX_LIBRARY = "libc++";
				CLANG_ENABLE_MODULES = YES;
				CLANG_ENABLE_OBJC_ARC = YES;
				CLANG_WARN_BLOCK_CAPTURE_AUTORELEASING = YES;
				CLANG_WARN_BOOL_CONVERSION = YES;
				CLANG_WARN_COMMA = YES;
				CLANG_WARN_CONSTANT_CONVERSION = YES;
				CLANG_WARN_DEPRECATED_OBJC_IMPLEMENTATIONS = YES;
				CLANG_WARN_DIRECT_OBJC_ISA_USAGE = YES_ERROR;
				CLANG_WARN_DOCUMENTATION_COMMENTS = YES;
				CLANG_WARN_EMPTY_BODY = YES;
				CLANG_WARN_ENUM_CONVERSION = YES;
				CLANG_WARN_INFINITE_RECURSION = YES;
				CLANG_WARN_INT_CONVERSION = YES;
				CLANG_WARN_NON_LITERAL_NULL_CONVERSION = YES;
				CLANG_WARN_OBJC_IMPLICIT_RETAIN_SELF = YES;
				CLANG_WARN_OBJC_LITERAL_CONVERSION = YES;
				CLANG_WARN_OBJC_ROOT_CLASS = YES_ERROR;
				CLANG_WARN_QUOTED_INCLUDE_IN_FRAMEWORK_HEADER = YES;
				CLANG_WARN_RANGE_LOOP_ANALYSIS = YES;
				CLANG_WARN_STRICT_PROTOTYPES = YES;
				CLANG_WARN_SUSPICIOUS_MOVE = YES;
				CLANG_WARN_UNGUARDED_AVAILABILITY = YES_AGGRESSIVE;
				CLANG_WARN_UNREACHABLE_CODE = YES;
				CLANG_WARN__DUPLICATE_METHOD_MATCH = YES;
				CODE_SIGN_IDENTITY = "Mac Developer";
				COPY_PHASE_STRIP = NO;
				DEBUG_INFORMATION_FORMAT = dwarf;
				ENABLE_STRICT_OBJC_MSGSEND = YES;
				ENABLE_TESTABILITY = YES;
				GCC_C_LANGUAGE_STANDARD = gnu11;
				GCC_DYNAMIC_NO_PIC = NO;
				GCC_NO_COMMON_BLOCKS = YES;
				GCC_OPTIMIZATION_LEVEL = 0;
				GCC_PREPROCESSOR_DEFINITIONS = (
					"DEBUG=1",
					HAVE_INTTYPES_H,
					HAVE_PKCRYPT,
					HAVE_STDINT_H,
					HAVE_WZAES,
					HAVE_ZLIB,
					"$(inherited)",
					"$(inherited)",
				);
				GCC_WARN_64_TO_32_BIT_CONVERSION = YES;
				GCC_WARN_ABOUT_RETURN_TYPE = YES_ERROR;
				GCC_WARN_UNDECLARED_SELECTOR = YES;
				GCC_WARN_UNINITIALIZED_AUTOS = YES_AGGRESSIVE;
				GCC_WARN_UNUSED_FUNCTION = YES;
				GCC_WARN_UNUSED_VARIABLE = YES;
				MACOSX_DEPLOYMENT_TARGET = 10.10;
				MTL_ENABLE_DEBUG_INFO = YES;
				ONLY_ACTIVE_ARCH = YES;
				SDKROOT = macosx;
				SWIFT_ACTIVE_COMPILATION_CONDITIONS = DEBUG;
				SWIFT_OPTIMIZATION_LEVEL = "-Onone";
				SWIFT_VERSION = 5.0;
			};
			name = Debug;
		};
		C69F94972028B1EA00127A47 /* Release */ = {
			isa = XCBuildConfiguration;
			buildSettings = {
				ALWAYS_SEARCH_USER_PATHS = NO;
				CLANG_ANALYZER_LOCALIZABILITY_NONLOCALIZED = YES;
				CLANG_ANALYZER_NONNULL = YES;
				CLANG_ANALYZER_NUMBER_OBJECT_CONVERSION = YES_AGGRESSIVE;
				CLANG_CXX_LANGUAGE_STANDARD = "gnu++14";
				CLANG_CXX_LIBRARY = "libc++";
				CLANG_ENABLE_MODULES = YES;
				CLANG_ENABLE_OBJC_ARC = YES;
				CLANG_WARN_BLOCK_CAPTURE_AUTORELEASING = YES;
				CLANG_WARN_BOOL_CONVERSION = YES;
				CLANG_WARN_COMMA = YES;
				CLANG_WARN_CONSTANT_CONVERSION = YES;
				CLANG_WARN_DEPRECATED_OBJC_IMPLEMENTATIONS = YES;
				CLANG_WARN_DIRECT_OBJC_ISA_USAGE = YES_ERROR;
				CLANG_WARN_DOCUMENTATION_COMMENTS = YES;
				CLANG_WARN_EMPTY_BODY = YES;
				CLANG_WARN_ENUM_CONVERSION = YES;
				CLANG_WARN_INFINITE_RECURSION = YES;
				CLANG_WARN_INT_CONVERSION = YES;
				CLANG_WARN_NON_LITERAL_NULL_CONVERSION = YES;
				CLANG_WARN_OBJC_IMPLICIT_RETAIN_SELF = YES;
				CLANG_WARN_OBJC_LITERAL_CONVERSION = YES;
				CLANG_WARN_OBJC_ROOT_CLASS = YES_ERROR;
				CLANG_WARN_QUOTED_INCLUDE_IN_FRAMEWORK_HEADER = YES;
				CLANG_WARN_RANGE_LOOP_ANALYSIS = YES;
				CLANG_WARN_STRICT_PROTOTYPES = YES;
				CLANG_WARN_SUSPICIOUS_MOVE = YES;
				CLANG_WARN_UNGUARDED_AVAILABILITY = YES_AGGRESSIVE;
				CLANG_WARN_UNREACHABLE_CODE = YES;
				CLANG_WARN__DUPLICATE_METHOD_MATCH = YES;
				CODE_SIGN_IDENTITY = "Mac Developer";
				COPY_PHASE_STRIP = NO;
				DEBUG_INFORMATION_FORMAT = "dwarf-with-dsym";
				ENABLE_NS_ASSERTIONS = NO;
				ENABLE_STRICT_OBJC_MSGSEND = YES;
				GCC_C_LANGUAGE_STANDARD = gnu11;
				GCC_NO_COMMON_BLOCKS = YES;
				GCC_PREPROCESSOR_DEFINITIONS = (
					HAVE_INTTYPES_H,
					HAVE_PKCRYPT,
					HAVE_STDINT_H,
					HAVE_WZAES,
					HAVE_ZLIB,
					"$(inherited)",
				);
				GCC_WARN_64_TO_32_BIT_CONVERSION = YES;
				GCC_WARN_ABOUT_RETURN_TYPE = YES_ERROR;
				GCC_WARN_UNDECLARED_SELECTOR = YES;
				GCC_WARN_UNINITIALIZED_AUTOS = YES_AGGRESSIVE;
				GCC_WARN_UNUSED_FUNCTION = YES;
				GCC_WARN_UNUSED_VARIABLE = YES;
				MACOSX_DEPLOYMENT_TARGET = 10.10;
				MTL_ENABLE_DEBUG_INFO = NO;
				SDKROOT = macosx;
				SWIFT_COMPILATION_MODE = wholemodule;
				SWIFT_OPTIMIZATION_LEVEL = "-O";
				SWIFT_VERSION = 5.0;
			};
			name = Release;
		};
		C69F94992028B1EA00127A47 /* Debug */ = {
			isa = XCBuildConfiguration;
			buildSettings = {
				ASSETCATALOG_COMPILER_APPICON_NAME = AppIcon;
				CLANG_ALLOW_NON_MODULAR_INCLUDES_IN_FRAMEWORK_MODULES = NO;
				CLANG_ENABLE_MODULES = YES;
				CODE_SIGN_IDENTITY = "-";
				CODE_SIGN_STYLE = Automatic;
				COMBINE_HIDPI_IMAGES = YES;
				CURRENT_PROJECT_VERSION = 1;
				DEVELOPMENT_TEAM = 2K5J2584NX;
				ENABLE_HARDENED_RUNTIME = YES;
				HEADER_SEARCH_PATHS = (
					"$(PROJECT_DIR)/../pahkat-client-core/src",
					"$(inherited)",
				);
				INFOPLIST_FILE = Sources/Support/Info.plist;
				LD_RUNPATH_SEARCH_PATHS = (
					"$(inherited)",
					"@executable_path/../Frameworks",
				);
				LIBRARY_SEARCH_PATHS = "$(inherited)";
				MACOSX_DEPLOYMENT_TARGET = 10.14;
				MARKETING_VERSION = 2.2.1;
				OTHER_LDFLAGS = (
					"-lz",
					"-liconv",
					"$(inherited)",
				);
				PRODUCT_BUNDLE_IDENTIFIER = no.divvun.Manager;
				PRODUCT_MODULE_NAME = DivvunManager;
				PRODUCT_NAME = "Divvun Manager";
				PROVISIONING_PROFILE_SPECIFIER = "";
				SWIFT_OBJC_BRIDGING_HEADER = "Shared/DivvunManager-Bridging-Header.h";
				SWIFT_OPTIMIZATION_LEVEL = "-Onone";
				SWIFT_VERSION = 5.0;
				VALID_ARCHS = "x86_64 arm64";
			};
			name = Debug;
		};
		C69F949A2028B1EA00127A47 /* Release */ = {
			isa = XCBuildConfiguration;
			buildSettings = {
				ASSETCATALOG_COMPILER_APPICON_NAME = AppIcon;
				CLANG_ALLOW_NON_MODULAR_INCLUDES_IN_FRAMEWORK_MODULES = NO;
				CLANG_ENABLE_MODULES = YES;
				CODE_SIGN_IDENTITY = "-";
				CODE_SIGN_STYLE = Automatic;
				COMBINE_HIDPI_IMAGES = YES;
				CURRENT_PROJECT_VERSION = 1;
				DEVELOPMENT_TEAM = 2K5J2584NX;
				ENABLE_HARDENED_RUNTIME = YES;
				HEADER_SEARCH_PATHS = (
					"$(PROJECT_DIR)/../pahkat-client-core/src",
					"$(inherited)",
				);
				INFOPLIST_FILE = Sources/Support/Info.plist;
				LD_RUNPATH_SEARCH_PATHS = (
					"$(inherited)",
					"@executable_path/../Frameworks",
				);
				LIBRARY_SEARCH_PATHS = "$(inherited)";
				MACOSX_DEPLOYMENT_TARGET = 10.14;
				MARKETING_VERSION = 2.2.1;
				OTHER_LDFLAGS = (
					"-lz",
					"-liconv",
					"$(inherited)",
				);
				PRODUCT_BUNDLE_IDENTIFIER = no.divvun.Manager;
				PRODUCT_MODULE_NAME = DivvunManager;
				PRODUCT_NAME = "Divvun Manager";
				PROVISIONING_PROFILE_SPECIFIER = "";
				SWIFT_OBJC_BRIDGING_HEADER = "Shared/DivvunManager-Bridging-Header.h";
				SWIFT_VERSION = 5.0;
				VALID_ARCHS = "x86_64 arm64";
			};
			name = Release;
		};
/* End XCBuildConfiguration section */

/* Begin XCConfigurationList section */
		C69F94852028B1EA00127A47 /* Build configuration list for PBXProject "Divvun Manager" */ = {
			isa = XCConfigurationList;
			buildConfigurations = (
				C69F94962028B1EA00127A47 /* Debug */,
				C69F94972028B1EA00127A47 /* Release */,
			);
			defaultConfigurationIsVisible = 0;
			defaultConfigurationName = Release;
		};
		C69F94982028B1EA00127A47 /* Build configuration list for PBXNativeTarget "Divvun Manager" */ = {
			isa = XCConfigurationList;
			buildConfigurations = (
				C69F94992028B1EA00127A47 /* Debug */,
				C69F949A2028B1EA00127A47 /* Release */,
			);
			defaultConfigurationIsVisible = 0;
			defaultConfigurationName = Release;
		};
/* End XCConfigurationList section */

/* Begin XCRemoteSwiftPackageReference section */
		C63191C6244723760055DA03 /* XCRemoteSwiftPackageReference "RxSwift" */ = {
			isa = XCRemoteSwiftPackageReference;
			repositoryURL = "https://github.com/ReactiveX/RxSwift";
			requirement = {
				kind = upToNextMajorVersion;
				minimumVersion = 5.1.1;
			};
		};
		C63191CB24472C9D0055DA03 /* XCRemoteSwiftPackageReference "RxFeedback" */ = {
			isa = XCRemoteSwiftPackageReference;
			repositoryURL = "https://github.com/NoTests/RxFeedback.swift";
			requirement = {
				kind = upToNextMajorVersion;
				minimumVersion = 3.0.0;
			};
		};
		C63191D324472D910055DA03 /* XCRemoteSwiftPackageReference "sentry-cocoa" */ = {
			isa = XCRemoteSwiftPackageReference;
			repositoryURL = "https://github.com/getsentry/sentry-cocoa";
			requirement = {
				kind = upToNextMajorVersion;
				minimumVersion = 7.3.0;
			};
		};
		C63191D624472DE50055DA03 /* XCRemoteSwiftPackageReference "XCGLogger" */ = {
			isa = XCRemoteSwiftPackageReference;
			repositoryURL = "https://github.com/DaveWoodCom/XCGLogger";
			requirement = {
				kind = upToNextMajorVersion;
				minimumVersion = 7.0.1;
			};
		};
		C63191DB24472EF60055DA03 /* XCRemoteSwiftPackageReference "grpc-swift" */ = {
			isa = XCRemoteSwiftPackageReference;
			repositoryURL = "https://github.com/grpc/grpc-swift";
			requirement = {
				kind = upToNextMajorVersion;
				minimumVersion = 1.4.1;
			};
		};
/* End XCRemoteSwiftPackageReference section */

/* Begin XCSwiftPackageProductDependency section */
		C63191C7244723760055DA03 /* RxSwift */ = {
			isa = XCSwiftPackageProductDependency;
			package = C63191C6244723760055DA03 /* XCRemoteSwiftPackageReference "RxSwift" */;
			productName = RxSwift;
		};
		C63191C9244723760055DA03 /* RxCocoa */ = {
			isa = XCSwiftPackageProductDependency;
			package = C63191C6244723760055DA03 /* XCRemoteSwiftPackageReference "RxSwift" */;
			productName = RxCocoa;
		};
		C63191CC24472C9E0055DA03 /* RxFeedback */ = {
			isa = XCSwiftPackageProductDependency;
			package = C63191CB24472C9D0055DA03 /* XCRemoteSwiftPackageReference "RxFeedback" */;
			productName = RxFeedback;
		};
		C63191D424472D910055DA03 /* Sentry */ = {
			isa = XCSwiftPackageProductDependency;
			package = C63191D324472D910055DA03 /* XCRemoteSwiftPackageReference "sentry-cocoa" */;
			productName = Sentry;
		};
		C63191D724472DE50055DA03 /* ObjcExceptionBridging */ = {
			isa = XCSwiftPackageProductDependency;
			package = C63191D624472DE50055DA03 /* XCRemoteSwiftPackageReference "XCGLogger" */;
			productName = ObjcExceptionBridging;
		};
		C63191D924472DE50055DA03 /* XCGLogger */ = {
			isa = XCSwiftPackageProductDependency;
			package = C63191D624472DE50055DA03 /* XCRemoteSwiftPackageReference "XCGLogger" */;
			productName = XCGLogger;
		};
		C63191DC24472EF60055DA03 /* GRPC */ = {
			isa = XCSwiftPackageProductDependency;
			package = C63191DB24472EF60055DA03 /* XCRemoteSwiftPackageReference "grpc-swift" */;
			productName = GRPC;
		};
		C6E755AA2462CC7800620D6F /* RxBlocking */ = {
			isa = XCSwiftPackageProductDependency;
			package = C63191C6244723760055DA03 /* XCRemoteSwiftPackageReference "RxSwift" */;
			productName = RxBlocking;
		};
/* End XCSwiftPackageProductDependency section */
	};
	rootObject = C69F94822028B1EA00127A47 /* Project object */;
}
