{
  "object": {
    "pins": [
      {
        "package": "FlatBuffers",
        "repositoryURL": "https://github.com/mustiikhalil/flatbuffers",
        "state": {
          "branch": "swift",
          "revision": "e9c9a396fd3cba89444d69aaab8742597112d697",
          "version": null
        }
      },
      {
        "package": "grpc-swift",
        "repositoryURL": "https://github.com/grpc/grpc-swift",
        "state": {
          "branch": "1.0.0-alpha.11",
          "revision": "373ffd54c1c1a319d0ddac9476d13be9023584bb",
          "version": null
        }
      },
      {
        "package": "RxFeedback",
        "repositoryURL": "https://github.com/NoTests/RxFeedback.swift",
        "state": {
          "branch": null,
          "revision": "cbd500b8dcf1ae72e8c09f26e8f7f5a03268b58d",
          "version": "3.0.0"
        }
      },
      {
        "package": "RxSwift",
        "repositoryURL": "https://github.com/ReactiveX/RxSwift",
        "state": {
          "branch": null,
          "revision": "002d325b0bdee94e7882e1114af5ff4fe1e96afa",
          "version": "5.1.1"
        }
      },
      {
        "package": "Sentry",
        "repositoryURL": "https://github.com/getsentry/sentry-cocoa",
        "state": {
          "branch": null,
          "revision": "fb4b4be84ae61f9e306348a65600c9dd93977e6f",
          "version": "4.5.0"
        }
      },
      {
        "package": "swift-log",
        "repositoryURL": "https://github.com/apple/swift-log.git",
        "state": {
          "branch": null,
          "revision": "74d7b91ceebc85daf387ebb206003f78813f71aa",
          "version": "1.2.0"
        }
      },
      {
        "package": "swift-nio",
        "repositoryURL": "https://github.com/apple/swift-nio.git",
        "state": {
          "branch": null,
          "revision": "e876fb37410e0036b98b5361bb18e6854739572b",
          "version": "2.16.0"
        }
      },
      {
        "package": "swift-nio-http2",
        "repositoryURL": "https://github.com/apple/swift-nio-http2.git",
        "state": {
          "branch": null,
          "revision": "82eb3fa0974b838358ee46bc6c5381e5ae5de6b9",
          "version": "1.11.0"
        }
      },
      {
        "package": "swift-nio-ssl",
        "repositoryURL": "https://github.com/apple/swift-nio-ssl.git",
        "state": {
          "branch": null,
          "revision": "ae213938e151964aa691f0e902462fbe06baeeb6",
          "version": "2.7.1"
        }
      },
      {
        "package": "swift-nio-transport-services",
        "repositoryURL": "https://github.com/apple/swift-nio-transport-services.git",
        "state": {
          "branch": null,
          "revision": "85a67aea7caf5396ed599543dd23cffeb6dbbf96",
          "version": "1.5.1"
        }
      },
      {
        "package": "SwiftProtobuf",
        "repositoryURL": "https://github.com/apple/swift-protobuf.git",
        "state": {
          "branch": null,
          "revision": "7790acf0a81d08429cb20375bf42a8c7d279c5fe",
          "version": "1.8.0"
        }
      },
      {
        "package": "XCGLogger",
        "repositoryURL": "https://github.com/DaveWoodCom/XCGLogger",
        "state": {
          "branch": null,
          "revision": "a9c4667b247928a29bdd41be2ec2c8d304215a54",
          "version": "7.0.1"
        }
      }
    ]
  },
  "version": 1
}
